// !$*UTF8*$!
{
	archiveVersion = 1;
	classes = {
	};
	objectVersion = 46;
	objects = {

/* Begin PBXBuildFile section */
		C209FB9D1D874ACB002D4DFD /* AppDelegate.swift in Sources */ = {isa = PBXBuildFile; fileRef = C209FB9C1D874ACB002D4DFD /* AppDelegate.swift */; };
		C209FB9F1D874ACB002D4DFD /* GPXViewController.swift in Sources */ = {isa = PBXBuildFile; fileRef = C209FB9E1D874ACB002D4DFD /* GPXViewController.swift */; };
		C209FBA21D874ACB002D4DFD /* Main.storyboard in Resources */ = {isa = PBXBuildFile; fileRef = C209FBA01D874ACB002D4DFD /* Main.storyboard */; };
		C209FBA41D874ACB002D4DFD /* Assets.xcassets in Resources */ = {isa = PBXBuildFile; fileRef = C209FBA31D874ACB002D4DFD /* Assets.xcassets */; };
		C209FBA71D874ACB002D4DFD /* LaunchScreen.storyboard in Resources */ = {isa = PBXBuildFile; fileRef = C209FBA51D874ACB002D4DFD /* LaunchScreen.storyboard */; };
		C209FBAF1D874AEF002D4DFD /* GPX.swift in Sources */ = {isa = PBXBuildFile; fileRef = C209FBAE1D874AEF002D4DFD /* GPX.swift */; };
		C25F98F81D8C95CF00DE96BC /* EditWaypointViewController.swift in Sources */ = {isa = PBXBuildFile; fileRef = C25F98F71D8C95CF00DE96BC /* EditWaypointViewController.swift */; };
		C2AF10E41D8752700087654D /* MKGPX.swift in Sources */ = {isa = PBXBuildFile; fileRef = C2AF10E31D8752700087654D /* MKGPX.swift */; };
		C2AF10E61D875CFA0087654D /* ImageViewController.swift in Sources */ = {isa = PBXBuildFile; fileRef = C2AF10E51D875CFA0087654D /* ImageViewController.swift */; };
/* End PBXBuildFile section */

/* Begin PBXFileReference section */
		C209FB991D874ACB002D4DFD /* Trax.app */ = {isa = PBXFileReference; explicitFileType = wrapper.application; includeInIndex = 0; path = Trax.app; sourceTree = BUILT_PRODUCTS_DIR; };
		C209FB9C1D874ACB002D4DFD /* AppDelegate.swift */ = {isa = PBXFileReference; lastKnownFileType = sourcecode.swift; path = AppDelegate.swift; sourceTree = "<group>"; };
		C209FB9E1D874ACB002D4DFD /* GPXViewController.swift */ = {isa = PBXFileReference; lastKnownFileType = sourcecode.swift; path = GPXViewController.swift; sourceTree = "<group>"; };
		C209FBA11D874ACB002D4DFD /* Base */ = {isa = PBXFileReference; lastKnownFileType = file.storyboard; name = Base; path = Base.lproj/Main.storyboard; sourceTree = "<group>"; };
		C209FBA31D874ACB002D4DFD /* Assets.xcassets */ = {isa = PBXFileReference; lastKnownFileType = folder.assetcatalog; path = Assets.xcassets; sourceTree = "<group>"; };
		C209FBA61D874ACB002D4DFD /* Base */ = {isa = PBXFileReference; lastKnownFileType = file.storyboard; name = Base; path = Base.lproj/LaunchScreen.storyboard; sourceTree = "<group>"; };
		C209FBA81D874ACB002D4DFD /* Info.plist */ = {isa = PBXFileReference; lastKnownFileType = text.plist.xml; path = Info.plist; sourceTree = "<group>"; };
		C209FBAE1D874AEF002D4DFD /* GPX.swift */ = {isa = PBXFileReference; fileEncoding = 4; lastKnownFileType = sourcecode.swift; path = GPX.swift; sourceTree = "<group>"; };
		C25F98F71D8C95CF00DE96BC /* EditWaypointViewController.swift */ = {isa = PBXFileReference; fileEncoding = 4; lastKnownFileType = sourcecode.swift; path = EditWaypointViewController.swift; sourceTree = "<group>"; };
		C2AF10E31D8752700087654D /* MKGPX.swift */ = {isa = PBXFileReference; fileEncoding = 4; lastKnownFileType = sourcecode.swift; path = MKGPX.swift; sourceTree = "<group>"; };
		C2AF10E51D875CFA0087654D /* ImageViewController.swift */ = {isa = PBXFileReference; fileEncoding = 4; lastKnownFileType = sourcecode.swift; path = ImageViewController.swift; sourceTree = "<group>"; };
/* End PBXFileReference section */

/* Begin PBXFrameworksBuildPhase section */
		C209FB961D874ACB002D4DFD /* Frameworks */ = {
			isa = PBXFrameworksBuildPhase;
			buildActionMask = 2147483647;
			files = (
			);
			runOnlyForDeploymentPostprocessing = 0;
		};
/* End PBXFrameworksBuildPhase section */

/* Begin PBXGroup section */
		C209FB901D874ACB002D4DFD = {
			isa = PBXGroup;
			children = (
				C209FB9B1D874ACB002D4DFD /* Trax */,
				C209FB9A1D874ACB002D4DFD /* Products */,
			);
			sourceTree = "<group>";
		};
		C209FB9A1D874ACB002D4DFD /* Products */ = {
			isa = PBXGroup;
			children = (
				C209FB991D874ACB002D4DFD /* Trax.app */,
			);
			name = Products;
			sourceTree = "<group>";
		};
		C209FB9B1D874ACB002D4DFD /* Trax */ = {
			isa = PBXGroup;
			children = (
				C2AF10E51D875CFA0087654D /* ImageViewController.swift */,
				C209FBAE1D874AEF002D4DFD /* GPX.swift */,
				C209FB9E1D874ACB002D4DFD /* GPXViewController.swift */,
				C209FBA01D874ACB002D4DFD /* Main.storyboard */,
				C209FBB01D874C10002D4DFD /* Supporting */,
				C2AF10E31D8752700087654D /* MKGPX.swift */,
				C25F98F71D8C95CF00DE96BC /* EditWaypointViewController.swift */,
			);
			path = Trax;
			sourceTree = "<group>";
		};
		C209FBB01D874C10002D4DFD /* Supporting */ = {
			isa = PBXGroup;
			children = (
				C209FB9C1D874ACB002D4DFD /* AppDelegate.swift */,
				C209FBA31D874ACB002D4DFD /* Assets.xcassets */,
				C209FBA51D874ACB002D4DFD /* LaunchScreen.storyboard */,
				C209FBA81D874ACB002D4DFD /* Info.plist */,
			);
			name = Supporting;
			sourceTree = "<group>";
		};
/* End PBXGroup section */

/* Begin PBXNativeTarget section */
		C209FB981D874ACB002D4DFD /* Trax */ = {
			isa = PBXNativeTarget;
			buildConfigurationList = C209FBAB1D874ACB002D4DFD /* Build configuration list for PBXNativeTarget "Trax" */;
			buildPhases = (
				C209FB951D874ACB002D4DFD /* Sources */,
				C209FB961D874ACB002D4DFD /* Frameworks */,
				C209FB971D874ACB002D4DFD /* Resources */,
			);
			buildRules = (
			);
			dependencies = (
			);
			name = Trax;
			productName = Trax;
			productReference = C209FB991D874ACB002D4DFD /* Trax.app */;
			productType = "com.apple.product-type.application";
		};
/* End PBXNativeTarget section */

/* Begin PBXProject section */
		C209FB911D874ACB002D4DFD /* Project object */ = {
			isa = PBXProject;
			attributes = {
				LastSwiftUpdateCheck = 0730;
				LastUpgradeCheck = 0730;
				ORGANIZATIONNAME = "Apple Inc.";
				TargetAttributes = {
					C209FB981D874ACB002D4DFD = {
						CreatedOnToolsVersion = 7.3.1;
						DevelopmentTeam = LCBDY3U9B4;
						LastSwiftMigration = 0800;
					};
				};
			};
			buildConfigurationList = C209FB941D874ACB002D4DFD /* Build configuration list for PBXProject "Trax" */;
			compatibilityVersion = "Xcode 3.2";
			developmentRegion = English;
			hasScannedForEncodings = 0;
			knownRegions = (
				en,
				Base,
			);
			mainGroup = C209FB901D874ACB002D4DFD;
			productRefGroup = C209FB9A1D874ACB002D4DFD /* Products */;
			projectDirPath = "";
			projectRoot = "";
			targets = (
				C209FB981D874ACB002D4DFD /* Trax */,
			);
		};
/* End PBXProject section */

/* Begin PBXResourcesBuildPhase section */
		C209FB971D874ACB002D4DFD /* Resources */ = {
			isa = PBXResourcesBuildPhase;
			buildActionMask = 2147483647;
			files = (
				C209FBA71D874ACB002D4DFD /* LaunchScreen.storyboard in Resources */,
				C209FBA41D874ACB002D4DFD /* Assets.xcassets in Resources */,
				C209FBA21D874ACB002D4DFD /* Main.storyboard in Resources */,
			);
			runOnlyForDeploymentPostprocessing = 0;
		};
/* End PBXResourcesBuildPhase section */

/* Begin PBXSourcesBuildPhase section */
		C209FB951D874ACB002D4DFD /* Sources */ = {
			isa = PBXSourcesBuildPhase;
			buildActionMask = 2147483647;
			files = (
				C209FB9F1D874ACB002D4DFD /* GPXViewController.swift in Sources */,
				C2AF10E41D8752700087654D /* MKGPX.swift in Sources */,
				C25F98F81D8C95CF00DE96BC /* EditWaypointViewController.swift in Sources */,
				C2AF10E61D875CFA0087654D /* ImageViewController.swift in Sources */,
				C209FB9D1D874ACB002D4DFD /* AppDelegate.swift in Sources */,
				C209FBAF1D874AEF002D4DFD /* GPX.swift in Sources */,
			);
			runOnlyForDeploymentPostprocessing = 0;
		};
/* End PBXSourcesBuildPhase section */

/* Begin PBXVariantGroup section */
		C209FBA01D874ACB002D4DFD /* Main.storyboard */ = {
			isa = PBXVariantGroup;
			children = (
				C209FBA11D874ACB002D4DFD /* Base */,
			);
			name = Main.storyboard;
			sourceTree = "<group>";
		};
		C209FBA51D874ACB002D4DFD /* LaunchScreen.storyboard */ = {
			isa = PBXVariantGroup;
			children = (
				C209FBA61D874ACB002D4DFD /* Base */,
			);
			name = LaunchScreen.storyboard;
			sourceTree = "<group>";
		};
/* End PBXVariantGroup section */

/* Begin XCBuildConfiguration section */
		C209FBA91D874ACB002D4DFD /* Debug */ = {
			isa = XCBuildConfiguration;
			buildSettings = {
				ALWAYS_SEARCH_USER_PATHS = NO;
				CLANG_ANALYZER_NONNULL = YES;
				CLANG_CXX_LANGUAGE_STANDARD = "gnu++0x";
				CLANG_CXX_LIBRARY = "libc++";
				CLANG_ENABLE_MODULES = YES;
				CLANG_ENABLE_OBJC_ARC = YES;
				CLANG_WARN_BOOL_CONVERSION = YES;
				CLANG_WARN_CONSTANT_CONVERSION = YES;
				CLANG_WARN_DIRECT_OBJC_ISA_USAGE = YES_ERROR;
				CLANG_WARN_EMPTY_BODY = YES;
				CLANG_WARN_ENUM_CONVERSION = YES;
				CLANG_WARN_INT_CONVERSION = YES;
				CLANG_WARN_OBJC_ROOT_CLASS = YES_ERROR;
				CLANG_WARN_UNREACHABLE_CODE = YES;
				CLANG_WARN__DUPLICATE_METHOD_MATCH = YES;
				"CODE_SIGN_IDENTITY[sdk=iphoneos*]" = "iPhone Developer";
				COPY_PHASE_STRIP = NO;
				DEBUG_INFORMATION_FORMAT = dwarf;
				ENABLE_STRICT_OBJC_MSGSEND = YES;
				ENABLE_TESTABILITY = YES;
				GCC_C_LANGUAGE_STANDARD = gnu99;
				GCC_DYNAMIC_NO_PIC = NO;
				GCC_NO_COMMON_BLOCKS = YES;
				GCC_OPTIMIZATION_LEVEL = 0;
				GCC_PREPROCESSOR_DEFINITIONS = (
					"DEBUG=1",
					"$(inherited)",
				);
				GCC_WARN_64_TO_32_BIT_CONVERSION = YES;
				GCC_WARN_ABOUT_RETURN_TYPE = YES_ERROR;
				GCC_WARN_UNDECLARED_SELECTOR = YES;
				GCC_WARN_UNINITIALIZED_AUTOS = YES_AGGRESSIVE;
				GCC_WARN_UNUSED_FUNCTION = YES;
				GCC_WARN_UNUSED_VARIABLE = YES;
				IPHONEOS_DEPLOYMENT_TARGET = 9.3;
				MTL_ENABLE_DEBUG_INFO = YES;
				ONLY_ACTIVE_ARCH = YES;
				SDKROOT = iphoneos;
				SWIFT_OPTIMIZATION_LEVEL = "-Onone";
				TARGETED_DEVICE_FAMILY = "1,2";
			};
			name = Debug;
		};
		C209FBAA1D874ACB002D4DFD /* Release */ = {
			isa = XCBuildConfiguration;
			buildSettings = {
				ALWAYS_SEARCH_USER_PATHS = NO;
				CLANG_ANALYZER_NONNULL = YES;
				CLANG_CXX_LANGUAGE_STANDARD = "gnu++0x";
				CLANG_CXX_LIBRARY = "libc++";
				CLANG_ENABLE_MODULES = YES;
				CLANG_ENABLE_OBJC_ARC = YES;
				CLANG_WARN_BOOL_CONVERSION = YES;
				CLANG_WARN_CONSTANT_CONVERSION = YES;
				CLANG_WARN_DIRECT_OBJC_ISA_USAGE = YES_ERROR;
				CLANG_WARN_EMPTY_BODY = YES;
				CLANG_WARN_ENUM_CONVERSION = YES;
				CLANG_WARN_INT_CONVERSION = YES;
				CLANG_WARN_OBJC_ROOT_CLASS = YES_ERROR;
				CLANG_WARN_UNREACHABLE_CODE = YES;
				CLANG_WARN__DUPLICATE_METHOD_MATCH = YES;
				"CODE_SIGN_IDENTITY[sdk=iphoneos*]" = "iPhone Developer";
				COPY_PHASE_STRIP = NO;
				DEBUG_INFORMATION_FORMAT = "dwarf-with-dsym";
				ENABLE_NS_ASSERTIONS = NO;
				ENABLE_STRICT_OBJC_MSGSEND = YES;
				GCC_C_LANGUAGE_STANDARD = gnu99;
				GCC_NO_COMMON_BLOCKS = YES;
				GCC_WARN_64_TO_32_BIT_CONVERSION = YES;
				GCC_WARN_ABOUT_RETURN_TYPE = YES_ERROR;
				GCC_WARN_UNDECLARED_SELECTOR = YES;
				GCC_WARN_UNINITIALIZED_AUTOS = YES_AGGRESSIVE;
				GCC_WARN_UNUSED_FUNCTION = YES;
				GCC_WARN_UNUSED_VARIABLE = YES;
				IPHONEOS_DEPLOYMENT_TARGET = 9.3;
				MTL_ENABLE_DEBUG_INFO = NO;
				SDKROOT = iphoneos;
				TARGETED_DEVICE_FAMILY = "1,2";
				VALIDATE_PRODUCT = YES;
			};
			name = Release;
		};
		C209FBAC1D874ACB002D4DFD /* Debug */ = {
			isa = XCBuildConfiguration;
			buildSettings = {
				ASSETCATALOG_COMPILER_APPICON_NAME = AppIcon;
				CODE_SIGN_IDENTITY = "iPhone Developer";
				INFOPLIST_FILE = Trax/Info.plist;
				LD_RUNPATH_SEARCH_PATHS = "$(inherited) @executable_path/Frameworks";
				PRODUCT_BUNDLE_IDENTIFIER = com.demo.test.sauce.Trax;
				PRODUCT_NAME = "$(TARGET_NAME)";
				SWIFT_VERSION = 3.0;
			};
			name = Debug;
		};
		C209FBAD1D874ACB002D4DFD /* Release */ = {
			isa = XCBuildConfiguration;
			buildSettings = {
				ASSETCATALOG_COMPILER_APPICON_NAME = AppIcon;
				CODE_SIGN_IDENTITY = "iPhone Developer";
				INFOPLIST_FILE = Trax/Info.plist;
				LD_RUNPATH_SEARCH_PATHS = "$(inherited) @executable_path/Frameworks";
				PRODUCT_BUNDLE_IDENTIFIER = com.demo.test.sauce.Trax;
				PRODUCT_NAME = "$(TARGET_NAME)";
				SWIFT_VERSION = 3.0;
			};
			name = Release;
		};
/* End XCBuildConfiguration section */

/* Begin XCConfigurationList section */
		C209FB941D874ACB002D4DFD /* Build configuration list for PBXProject "Trax" */ = {
			isa = XCConfigurationList;
			buildConfigurations = (
				C209FBA91D874ACB002D4DFD /* Debug */,
				C209FBAA1D874ACB002D4DFD /* Release */,
			);
			defaultConfigurationIsVisible = 0;
			defaultConfigurationName = Release;
		};
		C209FBAB1D874ACB002D4DFD /* Build configuration list for PBXNativeTarget "Trax" */ = {
			isa = XCConfigurationList;
			buildConfigurations = (
				C209FBAC1D874ACB002D4DFD /* Debug */,
				C209FBAD1D874ACB002D4DFD /* Release */,
			);
			defaultConfigurationIsVisible = 0;
			defaultConfigurationName = Release;
		};
/* End XCConfigurationList section */
	};
	rootObject = C209FB911D874ACB002D4DFD /* Project object */;
}
