// !$*UTF8*$!
{
	archiveVersion = 1;
	classes = {
	};
	objectVersion = 46;
	objects = {

/* Begin PBXBuildFile section */
		0D5F67F11D4EFBBF00FAF47B /* AppDelegate.swift in Sources */ = {isa = PBXBuildFile; fileRef = 0D5F67F01D4EFBBF00FAF47B /* AppDelegate.swift */; };
		0D5F67F71D4EFBBF00FAF47B /* GameViewController.swift in Sources */ = {isa = PBXBuildFile; fileRef = 0D5F67F61D4EFBBF00FAF47B /* GameViewController.swift */; };
		0D5F67FA1D4EFBBF00FAF47B /* Main.storyboard in Resources */ = {isa = PBXBuildFile; fileRef = 0D5F67F81D4EFBBF00FAF47B /* Main.storyboard */; };
		0D5F67FC1D4EFBBF00FAF47B /* Assets.xcassets in Resources */ = {isa = PBXBuildFile; fileRef = 0D5F67FB1D4EFBBF00FAF47B /* Assets.xcassets */; };
		0D5F67FF1D4EFBBF00FAF47B /* LaunchScreen.storyboard in Resources */ = {isa = PBXBuildFile; fileRef = 0D5F67FD1D4EFBBF00FAF47B /* LaunchScreen.storyboard */; };
		0D5F680B1D4EFC7000FAF47B /* FragmentShader.glsl in Resources */ = {isa = PBXBuildFile; fileRef = 0D5F68071D4EFC7000FAF47B /* FragmentShader.glsl */; };
		0D5F680C1D4EFC7000FAF47B /* Shader.fsh in Resources */ = {isa = PBXBuildFile; fileRef = 0D5F68081D4EFC7000FAF47B /* Shader.fsh */; };
		0D5F680D1D4EFC7000FAF47B /* Shader.vsh in Resources */ = {isa = PBXBuildFile; fileRef = 0D5F68091D4EFC7000FAF47B /* Shader.vsh */; };
		0D5F680E1D4EFC7000FAF47B /* VertexShader.glsl in Resources */ = {isa = PBXBuildFile; fileRef = 0D5F680A1D4EFC7000FAF47B /* VertexShader.glsl */; };
		0D5F68101D4EFCA700FAF47B /* Graphics.swift in Sources */ = {isa = PBXBuildFile; fileRef = 0D5F680F1D4EFCA700FAF47B /* Graphics.swift */; };
		0DA009C21D5050F700BD55BF /* Texture.swift in Sources */ = {isa = PBXBuildFile; fileRef = 0DA009C11D5050F700BD55BF /* Texture.swift */; };
		0DA009C41D50510300BD55BF /* Image.swift in Sources */ = {isa = PBXBuildFile; fileRef = 0DA009C31D50510300BD55BF /* Image.swift */; };
		0DA009C61D505E2500BD55BF /* Utils.swift in Sources */ = {isa = PBXBuildFile; fileRef = 0DA009C51D505E2500BD55BF /* Utils.swift */; };
		C20B14621D4FC7C90026A697 /* Sprite.swift in Sources */ = {isa = PBXBuildFile; fileRef = C20B14611D4FC7C90026A697 /* Sprite.swift */; };
/* End PBXBuildFile section */

/* Begin PBXFileReference section */
		0D5F67ED1D4EFBBF00FAF47B /* CombinedGL.app */ = {isa = PBXFileReference; explicitFileType = wrapper.application; includeInIndex = 0; path = CombinedGL.app; sourceTree = BUILT_PRODUCTS_DIR; };
		0D5F67F01D4EFBBF00FAF47B /* AppDelegate.swift */ = {isa = PBXFileReference; lastKnownFileType = sourcecode.swift; path = AppDelegate.swift; sourceTree = "<group>"; };
		0D5F67F61D4EFBBF00FAF47B /* GameViewController.swift */ = {isa = PBXFileReference; lastKnownFileType = sourcecode.swift; path = GameViewController.swift; sourceTree = "<group>"; };
		0D5F67F91D4EFBBF00FAF47B /* Base */ = {isa = PBXFileReference; lastKnownFileType = file.storyboard; name = Base; path = Base.lproj/Main.storyboard; sourceTree = "<group>"; };
		0D5F67FB1D4EFBBF00FAF47B /* Assets.xcassets */ = {isa = PBXFileReference; lastKnownFileType = folder.assetcatalog; path = Assets.xcassets; sourceTree = "<group>"; };
		0D5F67FE1D4EFBBF00FAF47B /* Base */ = {isa = PBXFileReference; lastKnownFileType = file.storyboard; name = Base; path = Base.lproj/LaunchScreen.storyboard; sourceTree = "<group>"; };
		0D5F68001D4EFBBF00FAF47B /* Info.plist */ = {isa = PBXFileReference; lastKnownFileType = text.plist.xml; path = Info.plist; sourceTree = "<group>"; };
		0D5F68071D4EFC7000FAF47B /* FragmentShader.glsl */ = {isa = PBXFileReference; fileEncoding = 4; lastKnownFileType = text; path = FragmentShader.glsl; sourceTree = "<group>"; };
		0D5F68081D4EFC7000FAF47B /* Shader.fsh */ = {isa = PBXFileReference; fileEncoding = 4; lastKnownFileType = sourcecode.glsl; path = Shader.fsh; sourceTree = "<group>"; };
		0D5F68091D4EFC7000FAF47B /* Shader.vsh */ = {isa = PBXFileReference; fileEncoding = 4; lastKnownFileType = sourcecode.glsl; path = Shader.vsh; sourceTree = "<group>"; };
		0D5F680A1D4EFC7000FAF47B /* VertexShader.glsl */ = {isa = PBXFileReference; fileEncoding = 4; lastKnownFileType = text; path = VertexShader.glsl; sourceTree = "<group>"; };
		0D5F680F1D4EFCA700FAF47B /* Graphics.swift */ = {isa = PBXFileReference; fileEncoding = 4; lastKnownFileType = sourcecode.swift; path = Graphics.swift; sourceTree = "<group>"; };
		0DA009C11D5050F700BD55BF /* Texture.swift */ = {isa = PBXFileReference; fileEncoding = 4; lastKnownFileType = sourcecode.swift; path = Texture.swift; sourceTree = "<group>"; };
		0DA009C31D50510300BD55BF /* Image.swift */ = {isa = PBXFileReference; fileEncoding = 4; lastKnownFileType = sourcecode.swift; path = Image.swift; sourceTree = "<group>"; };
		0DA009C51D505E2500BD55BF /* Utils.swift */ = {isa = PBXFileReference; fileEncoding = 4; lastKnownFileType = sourcecode.swift; path = Utils.swift; sourceTree = "<group>"; };
		C20B14611D4FC7C90026A697 /* Sprite.swift */ = {isa = PBXFileReference; fileEncoding = 4; lastKnownFileType = sourcecode.swift; path = Sprite.swift; sourceTree = "<group>"; };
/* End PBXFileReference section */

/* Begin PBXFrameworksBuildPhase section */
		0D5F67EA1D4EFBBF00FAF47B /* Frameworks */ = {
			isa = PBXFrameworksBuildPhase;
			buildActionMask = 2147483647;
			files = (
			);
			runOnlyForDeploymentPostprocessing = 0;
		};
/* End PBXFrameworksBuildPhase section */

/* Begin PBXGroup section */
		0D5F67E41D4EFBBF00FAF47B = {
			isa = PBXGroup;
			children = (
				0D5F67EF1D4EFBBF00FAF47B /* CombinedGL */,
				0D5F67EE1D4EFBBF00FAF47B /* Products */,
			);
			sourceTree = "<group>";
		};
		0D5F67EE1D4EFBBF00FAF47B /* Products */ = {
			isa = PBXGroup;
			children = (
				0D5F67ED1D4EFBBF00FAF47B /* CombinedGL.app */,
			);
			name = Products;
			sourceTree = "<group>";
		};
		0D5F67EF1D4EFBBF00FAF47B /* CombinedGL */ = {
			isa = PBXGroup;
			children = (
				C20B14611D4FC7C90026A697 /* Sprite.swift */,
				0D5F67F01D4EFBBF00FAF47B /* AppDelegate.swift */,
				0D5F67F61D4EFBBF00FAF47B /* GameViewController.swift */,
				0D5F680F1D4EFCA700FAF47B /* Graphics.swift */,
				0D5F67F81D4EFBBF00FAF47B /* Main.storyboard */,
				0D5F67FB1D4EFBBF00FAF47B /* Assets.xcassets */,
				0D5F67FD1D4EFBBF00FAF47B /* LaunchScreen.storyboard */,
				0D5F68001D4EFBBF00FAF47B /* Info.plist */,
				0D5F68061D4EFC7000FAF47B /* Shaders */,
				0DA009C11D5050F700BD55BF /* Texture.swift */,
				0DA009C31D50510300BD55BF /* Image.swift */,
				0DA009C51D505E2500BD55BF /* Utils.swift */,
			);
			path = CombinedGL;
			sourceTree = "<group>";
		};
		0D5F68061D4EFC7000FAF47B /* Shaders */ = {
			isa = PBXGroup;
			children = (
				0D5F68071D4EFC7000FAF47B /* FragmentShader.glsl */,
				0D5F68081D4EFC7000FAF47B /* Shader.fsh */,
				0D5F68091D4EFC7000FAF47B /* Shader.vsh */,
				0D5F680A1D4EFC7000FAF47B /* VertexShader.glsl */,
			);
			path = Shaders;
			sourceTree = "<group>";
		};
/* End PBXGroup section */

/* Begin PBXNativeTarget section */
		0D5F67EC1D4EFBBF00FAF47B /* CombinedGL */ = {
			isa = PBXNativeTarget;
			buildConfigurationList = 0D5F68031D4EFBBF00FAF47B /* Build configuration list for PBXNativeTarget "CombinedGL" */;
			buildPhases = (
				0D5F67E91D4EFBBF00FAF47B /* Sources */,
				0D5F67EA1D4EFBBF00FAF47B /* Frameworks */,
				0D5F67EB1D4EFBBF00FAF47B /* Resources */,
			);
			buildRules = (
			);
			dependencies = (
			);
			name = CombinedGL;
			productName = CombinedGL;
			productReference = 0D5F67ED1D4EFBBF00FAF47B /* CombinedGL.app */;
			productType = "com.apple.product-type.application";
		};
/* End PBXNativeTarget section */

/* Begin PBXProject section */
		0D5F67E51D4EFBBF00FAF47B /* Project object */ = {
			isa = PBXProject;
			attributes = {
				LastSwiftUpdateCheck = 0730;
				LastUpgradeCheck = 0730;
				ORGANIZATIONNAME = "Darkswarm LLC";
				TargetAttributes = {
					0D5F67EC1D4EFBBF00FAF47B = {
						CreatedOnToolsVersion = 7.3.1;
					};
				};
			};
			buildConfigurationList = 0D5F67E81D4EFBBF00FAF47B /* Build configuration list for PBXProject "CombinedGL" */;
			compatibilityVersion = "Xcode 3.2";
			developmentRegion = English;
			hasScannedForEncodings = 0;
			knownRegions = (
				en,
				Base,
			);
			mainGroup = 0D5F67E41D4EFBBF00FAF47B;
			productRefGroup = 0D5F67EE1D4EFBBF00FAF47B /* Products */;
			projectDirPath = "";
			projectRoot = "";
			targets = (
				0D5F67EC1D4EFBBF00FAF47B /* CombinedGL */,
			);
		};
/* End PBXProject section */

/* Begin PBXResourcesBuildPhase section */
		0D5F67EB1D4EFBBF00FAF47B /* Resources */ = {
			isa = PBXResourcesBuildPhase;
			buildActionMask = 2147483647;
			files = (
				0D5F680E1D4EFC7000FAF47B /* VertexShader.glsl in Resources */,
				0D5F67FA1D4EFBBF00FAF47B /* Main.storyboard in Resources */,
				0D5F67FC1D4EFBBF00FAF47B /* Assets.xcassets in Resources */,
				0D5F680D1D4EFC7000FAF47B /* Shader.vsh in Resources */,
				0D5F680B1D4EFC7000FAF47B /* FragmentShader.glsl in Resources */,
				0D5F67FF1D4EFBBF00FAF47B /* LaunchScreen.storyboard in Resources */,
				0D5F680C1D4EFC7000FAF47B /* Shader.fsh in Resources */,
			);
			runOnlyForDeploymentPostprocessing = 0;
		};
/* End PBXResourcesBuildPhase section */

/* Begin PBXSourcesBuildPhase section */
		0D5F67E91D4EFBBF00FAF47B /* Sources */ = {
			isa = PBXSourcesBuildPhase;
			buildActionMask = 2147483647;
			files = (
				0D5F68101D4EFCA700FAF47B /* Graphics.swift in Sources */,
				0DA009C41D50510300BD55BF /* Image.swift in Sources */,
				0DA009C21D5050F700BD55BF /* Texture.swift in Sources */,
				0DA009C61D505E2500BD55BF /* Utils.swift in Sources */,
				0D5F67F71D4EFBBF00FAF47B /* GameViewController.swift in Sources */,
				C20B14621D4FC7C90026A697 /* Sprite.swift in Sources */,
				0D5F67F11D4EFBBF00FAF47B /* AppDelegate.swift in Sources */,
			);
			runOnlyForDeploymentPostprocessing = 0;
		};
/* End PBXSourcesBuildPhase section */

/* Begin PBXVariantGroup section */
		0D5F67F81D4EFBBF00FAF47B /* Main.storyboard */ = {
			isa = PBXVariantGroup;
			children = (
				0D5F67F91D4EFBBF00FAF47B /* Base */,
			);
			name = Main.storyboard;
			sourceTree = "<group>";
		};
		0D5F67FD1D4EFBBF00FAF47B /* LaunchScreen.storyboard */ = {
			isa = PBXVariantGroup;
			children = (
				0D5F67FE1D4EFBBF00FAF47B /* Base */,
			);
			name = LaunchScreen.storyboard;
			sourceTree = "<group>";
		};
/* End PBXVariantGroup section */

/* Begin XCBuildConfiguration section */
		0D5F68011D4EFBBF00FAF47B /* Debug */ = {
			isa = XCBuildConfiguration;
			buildSettings = {
				ALWAYS_SEARCH_USER_PATHS = NO;
				CLANG_ANALYZER_NONNULL = YES;
				CLANG_CXX_LANGUAGE_STANDARD = "gnu++0x";
				CLANG_CXX_LIBRARY = "libc++";
				CLANG_ENABLE_MODULES = YES;
				CLANG_ENABLE_OBJC_ARC = YES;
				CLANG_WARN_BOOL_CONVERSION = YES;
				CLANG_WARN_CONSTANT_CONVERSION = YES;
				CLANG_WARN_DIRECT_OBJC_ISA_USAGE = YES_ERROR;
				CLANG_WARN_EMPTY_BODY = YES;
				CLANG_WARN_ENUM_CONVERSION = YES;
				CLANG_WARN_INT_CONVERSION = YES;
				CLANG_WARN_OBJC_ROOT_CLASS = YES_ERROR;
				CLANG_WARN_UNREACHABLE_CODE = YES;
				CLANG_WARN__DUPLICATE_METHOD_MATCH = YES;
				"CODE_SIGN_IDENTITY[sdk=iphoneos*]" = "iPhone Developer";
				COPY_PHASE_STRIP = NO;
				DEBUG_INFORMATION_FORMAT = "dwarf-with-dsym";
				ENABLE_STRICT_OBJC_MSGSEND = YES;
				ENABLE_TESTABILITY = YES;
				GCC_C_LANGUAGE_STANDARD = gnu99;
				GCC_DYNAMIC_NO_PIC = NO;
				GCC_NO_COMMON_BLOCKS = YES;
				GCC_OPTIMIZATION_LEVEL = 0;
				GCC_PREPROCESSOR_DEFINITIONS = (
					"DEBUG=1",
					"$(inherited)",
				);
				GCC_WARN_64_TO_32_BIT_CONVERSION = YES;
				GCC_WARN_ABOUT_RETURN_TYPE = YES_ERROR;
				GCC_WARN_UNDECLARED_SELECTOR = YES;
				GCC_WARN_UNINITIALIZED_AUTOS = YES_AGGRESSIVE;
				GCC_WARN_UNUSED_FUNCTION = YES;
				GCC_WARN_UNUSED_VARIABLE = YES;
				IPHONEOS_DEPLOYMENT_TARGET = 9.3;
				MTL_ENABLE_DEBUG_INFO = YES;
				ONLY_ACTIVE_ARCH = YES;
				SDKROOT = iphoneos;
				SWIFT_OPTIMIZATION_LEVEL = "-Onone";
				TARGETED_DEVICE_FAMILY = "1,2";
			};
			name = Debug;
		};
		0D5F68021D4EFBBF00FAF47B /* Release */ = {
			isa = XCBuildConfiguration;
			buildSettings = {
				ALWAYS_SEARCH_USER_PATHS = NO;
				CLANG_ANALYZER_NONNULL = YES;
				CLANG_CXX_LANGUAGE_STANDARD = "gnu++0x";
				CLANG_CXX_LIBRARY = "libc++";
				CLANG_ENABLE_MODULES = YES;
				CLANG_ENABLE_OBJC_ARC = YES;
				CLANG_WARN_BOOL_CONVERSION = YES;
				CLANG_WARN_CONSTANT_CONVERSION = YES;
				CLANG_WARN_DIRECT_OBJC_ISA_USAGE = YES_ERROR;
				CLANG_WARN_EMPTY_BODY = YES;
				CLANG_WARN_ENUM_CONVERSION = YES;
				CLANG_WARN_INT_CONVERSION = YES;
				CLANG_WARN_OBJC_ROOT_CLASS = YES_ERROR;
				CLANG_WARN_UNREACHABLE_CODE = YES;
				CLANG_WARN__DUPLICATE_METHOD_MATCH = YES;
				"CODE_SIGN_IDENTITY[sdk=iphoneos*]" = "iPhone Developer";
				COPY_PHASE_STRIP = NO;
				DEBUG_INFORMATION_FORMAT = "dwarf-with-dsym";
				ENABLE_NS_ASSERTIONS = NO;
				ENABLE_STRICT_OBJC_MSGSEND = YES;
				GCC_C_LANGUAGE_STANDARD = gnu99;
				GCC_NO_COMMON_BLOCKS = YES;
				GCC_WARN_64_TO_32_BIT_CONVERSION = YES;
				GCC_WARN_ABOUT_RETURN_TYPE = YES_ERROR;
				GCC_WARN_UNDECLARED_SELECTOR = YES;
				GCC_WARN_UNINITIALIZED_AUTOS = YES_AGGRESSIVE;
				GCC_WARN_UNUSED_FUNCTION = YES;
				GCC_WARN_UNUSED_VARIABLE = YES;
				IPHONEOS_DEPLOYMENT_TARGET = 9.3;
				MTL_ENABLE_DEBUG_INFO = NO;
				SDKROOT = iphoneos;
				TARGETED_DEVICE_FAMILY = "1,2";
				VALIDATE_PRODUCT = YES;
			};
			name = Release;
		};
		0D5F68041D4EFBBF00FAF47B /* Debug */ = {
			isa = XCBuildConfiguration;
			buildSettings = {
				ASSETCATALOG_COMPILER_APPICON_NAME = AppIcon;
				INFOPLIST_FILE = CombinedGL/Info.plist;
				LD_RUNPATH_SEARCH_PATHS = "$(inherited) @executable_path/Frameworks";
				PRODUCT_BUNDLE_IDENTIFIER = com.darkswarm.CombinedGL;
				PRODUCT_NAME = "$(TARGET_NAME)";
			};
			name = Debug;
		};
		0D5F68051D4EFBBF00FAF47B /* Release */ = {
			isa = XCBuildConfiguration;
			buildSettings = {
				ASSETCATALOG_COMPILER_APPICON_NAME = AppIcon;
				INFOPLIST_FILE = CombinedGL/Info.plist;
				LD_RUNPATH_SEARCH_PATHS = "$(inherited) @executable_path/Frameworks";
				PRODUCT_BUNDLE_IDENTIFIER = com.darkswarm.CombinedGL;
				PRODUCT_NAME = "$(TARGET_NAME)";
			};
			name = Release;
		};
/* End XCBuildConfiguration section */

/* Begin XCConfigurationList section */
		0D5F67E81D4EFBBF00FAF47B /* Build configuration list for PBXProject "CombinedGL" */ = {
			isa = XCConfigurationList;
			buildConfigurations = (
				0D5F68011D4EFBBF00FAF47B /* Debug */,
				0D5F68021D4EFBBF00FAF47B /* Release */,
			);
			defaultConfigurationIsVisible = 0;
			defaultConfigurationName = Release;
		};
		0D5F68031D4EFBBF00FAF47B /* Build configuration list for PBXNativeTarget "CombinedGL" */ = {
			isa = XCConfigurationList;
			buildConfigurations = (
				0D5F68041D4EFBBF00FAF47B /* Debug */,
				0D5F68051D4EFBBF00FAF47B /* Release */,
			);
			defaultConfigurationIsVisible = 0;
			defaultConfigurationName = Release;
		};
/* End XCConfigurationList section */
	};
	rootObject = 0D5F67E51D4EFBBF00FAF47B /* Project object */;
}
