// !$*UTF8*$!
{
	archiveVersion = 1;
	classes = {
	};
	objectVersion = 46;
	objects = {

/* Begin PBXBuildFile section */
		0D37EA3E1D7381DA009DF16A /* background_generic.png in Resources */ = {isa = PBXBuildFile; fileRef = 0D37EA181D7381DA009DF16A /* background_generic.png */; };
		0D37EA3F1D7381DA009DF16A /* background_generic@2x.png in Resources */ = {isa = PBXBuildFile; fileRef = 0D37EA191D7381DA009DF16A /* background_generic@2x.png */; };
		0D37EA401D7381DA009DF16A /* background_modal_ipad.png in Resources */ = {isa = PBXBuildFile; fileRef = 0D37EA1A1D7381DA009DF16A /* background_modal_ipad.png */; };
		0D37EA411D7381DA009DF16A /* background_modal_ipad@2x.png in Resources */ = {isa = PBXBuildFile; fileRef = 0D37EA1B1D7381DA009DF16A /* background_modal_ipad@2x.png */; };
		0D37EA421D7381DA009DF16A /* checkbox_back_checked@2x.png in Resources */ = {isa = PBXBuildFile; fileRef = 0D37EA1D1D7381DA009DF16A /* checkbox_back_checked@2x.png */; };
		0D37EA431D7381DA009DF16A /* checkbox_back_unchecked@2x.png in Resources */ = {isa = PBXBuildFile; fileRef = 0D37EA1E1D7381DA009DF16A /* checkbox_back_unchecked@2x.png */; };
		0D37EA441D7381DA009DF16A /* main_seg_back_highlight@2x.png in Resources */ = {isa = PBXBuildFile; fileRef = 0D37EA1F1D7381DA009DF16A /* main_seg_back_highlight@2x.png */; };
		0D37EA451D7381DA009DF16A /* reg_btn_clone_selected@2x.png in Resources */ = {isa = PBXBuildFile; fileRef = 0D37EA201D7381DA009DF16A /* reg_btn_clone_selected@2x.png */; };
		0D37EA461D7381DA009DF16A /* reg_btn_clone_selected_down@2x.png in Resources */ = {isa = PBXBuildFile; fileRef = 0D37EA211D7381DA009DF16A /* reg_btn_clone_selected_down@2x.png */; };
		0D37EA471D7381DA009DF16A /* reg_btn_copy@2x.png in Resources */ = {isa = PBXBuildFile; fileRef = 0D37EA221D7381DA009DF16A /* reg_btn_copy@2x.png */; };
		0D37EA481D7381DA009DF16A /* reg_btn_copy_down@2x.png in Resources */ = {isa = PBXBuildFile; fileRef = 0D37EA231D7381DA009DF16A /* reg_btn_copy_down@2x.png */; };
		0D37EA491D7381DA009DF16A /* reg_btn_delete_all@2x.png in Resources */ = {isa = PBXBuildFile; fileRef = 0D37EA241D7381DA009DF16A /* reg_btn_delete_all@2x.png */; };
		0D37EA4A1D7381DA009DF16A /* reg_btn_delete_all_down@2x.png in Resources */ = {isa = PBXBuildFile; fileRef = 0D37EA251D7381DA009DF16A /* reg_btn_delete_all_down@2x.png */; };
		0D37EA4B1D7381DA009DF16A /* reg_btn_deselect@2x.png in Resources */ = {isa = PBXBuildFile; fileRef = 0D37EA261D7381DA009DF16A /* reg_btn_deselect@2x.png */; };
		0D37EA4C1D7381DA009DF16A /* reg_btn_deselect_down@2x.png in Resources */ = {isa = PBXBuildFile; fileRef = 0D37EA271D7381DA009DF16A /* reg_btn_deselect_down@2x.png */; };
		0D37EA4D1D7381DA009DF16A /* reg_btn_load@2x.png in Resources */ = {isa = PBXBuildFile; fileRef = 0D37EA281D7381DA009DF16A /* reg_btn_load@2x.png */; };
		0D37EA4E1D7381DA009DF16A /* reg_btn_load_down@2x.png in Resources */ = {isa = PBXBuildFile; fileRef = 0D37EA291D7381DA009DF16A /* reg_btn_load_down@2x.png */; };
		0D37EA4F1D7381DA009DF16A /* reg_btn_paste@2x.png in Resources */ = {isa = PBXBuildFile; fileRef = 0D37EA2A1D7381DA009DF16A /* reg_btn_paste@2x.png */; };
		0D37EA501D7381DA009DF16A /* reg_btn_paste_down@2x.png in Resources */ = {isa = PBXBuildFile; fileRef = 0D37EA2B1D7381DA009DF16A /* reg_btn_paste_down@2x.png */; };
		0D37EA511D7381DA009DF16A /* reg_btn_reset_center@2x.png in Resources */ = {isa = PBXBuildFile; fileRef = 0D37EA2C1D7381DA009DF16A /* reg_btn_reset_center@2x.png */; };
		0D37EA521D7381DA009DF16A /* reg_btn_reset_center_down@2x.png in Resources */ = {isa = PBXBuildFile; fileRef = 0D37EA2D1D7381DA009DF16A /* reg_btn_reset_center_down@2x.png */; };
		0D37EA531D7381DA009DF16A /* reg_btn_reset_zoom@2x.png in Resources */ = {isa = PBXBuildFile; fileRef = 0D37EA2E1D7381DA009DF16A /* reg_btn_reset_zoom@2x.png */; };
		0D37EA541D7381DA009DF16A /* reg_btn_reset_zoom_down@2x.png in Resources */ = {isa = PBXBuildFile; fileRef = 0D37EA2F1D7381DA009DF16A /* reg_btn_reset_zoom_down@2x.png */; };
		0D37EA551D7381DA009DF16A /* reg_btn_save@2x.png in Resources */ = {isa = PBXBuildFile; fileRef = 0D37EA301D7381DA009DF16A /* reg_btn_save@2x.png */; };
		0D37EA561D7381DA009DF16A /* reg_btn_save_as@2x.png in Resources */ = {isa = PBXBuildFile; fileRef = 0D37EA311D7381DA009DF16A /* reg_btn_save_as@2x.png */; };
		0D37EA571D7381DA009DF16A /* reg_btn_save_as_down@2x.png in Resources */ = {isa = PBXBuildFile; fileRef = 0D37EA321D7381DA009DF16A /* reg_btn_save_as_down@2x.png */; };
		0D37EA581D7381DA009DF16A /* reg_btn_save_down@2x.png in Resources */ = {isa = PBXBuildFile; fileRef = 0D37EA331D7381DA009DF16A /* reg_btn_save_down@2x.png */; };
		0D37EA591D7381DA009DF16A /* reg_btn_select_any@2x.png in Resources */ = {isa = PBXBuildFile; fileRef = 0D37EA341D7381DA009DF16A /* reg_btn_select_any@2x.png */; };
		0D37EA5A1D7381DA009DF16A /* reg_btn_select_any_down@2x.png in Resources */ = {isa = PBXBuildFile; fileRef = 0D37EA351D7381DA009DF16A /* reg_btn_select_any_down@2x.png */; };
		0D37EA5B1D7381DA009DF16A /* seg_back_highlight@2x.png in Resources */ = {isa = PBXBuildFile; fileRef = 0D37EA361D7381DA009DF16A /* seg_back_highlight@2x.png */; };
		0D37EA5C1D7381DA009DF16A /* test_ipad_landscape.jpg in Resources */ = {isa = PBXBuildFile; fileRef = 0D37EA381D7381DA009DF16A /* test_ipad_landscape.jpg */; };
		0D37EA5D1D7381DA009DF16A /* test_ipad_landscape_info.json in Resources */ = {isa = PBXBuildFile; fileRef = 0D37EA391D7381DA009DF16A /* test_ipad_landscape_info.json */; };
		0D37EA5E1D7381DA009DF16A /* test_ipad_portrait.jpg in Resources */ = {isa = PBXBuildFile; fileRef = 0D37EA3A1D7381DA009DF16A /* test_ipad_portrait.jpg */; };
		0D37EA5F1D7381DA009DF16A /* test_ipad_portrait_info.json in Resources */ = {isa = PBXBuildFile; fileRef = 0D37EA3B1D7381DA009DF16A /* test_ipad_portrait_info.json */; };
		0D37EA601D7381DA009DF16A /* test_card.jpg in Resources */ = {isa = PBXBuildFile; fileRef = 0D37EA3C1D7381DA009DF16A /* test_card.jpg */; };
		0D37EA611D7381DA009DF16A /* test_image.jpg in Resources */ = {isa = PBXBuildFile; fileRef = 0D37EA3D1D7381DA009DF16A /* test_image.jpg */; };
		0D37EA661D73C2EA009DF16A /* test_iphone5_landscape_info.json in Resources */ = {isa = PBXBuildFile; fileRef = 0D37EA621D73C2EA009DF16A /* test_iphone5_landscape_info.json */; };
		0D37EA671D73C2EA009DF16A /* test_iphone5_landscape.png in Resources */ = {isa = PBXBuildFile; fileRef = 0D37EA631D73C2EA009DF16A /* test_iphone5_landscape.png */; };
		0D37EA681D73C2EA009DF16A /* test_iphone5_portrait_info.json in Resources */ = {isa = PBXBuildFile; fileRef = 0D37EA641D73C2EA009DF16A /* test_iphone5_portrait_info.json */; };
		0D37EA691D73C2EA009DF16A /* test_iphone5_portrait.png in Resources */ = {isa = PBXBuildFile; fileRef = 0D37EA651D73C2EA009DF16A /* test_iphone5_portrait.png */; };
		0D37EA6E1D73E364009DF16A /* test_iphone6_landscape_info.json in Resources */ = {isa = PBXBuildFile; fileRef = 0D37EA6A1D73E364009DF16A /* test_iphone6_landscape_info.json */; };
		0D37EA6F1D73E364009DF16A /* test_iphone6_landscape.png in Resources */ = {isa = PBXBuildFile; fileRef = 0D37EA6B1D73E364009DF16A /* test_iphone6_landscape.png */; };
		0D37EA701D73E364009DF16A /* test_iphone6_portrait_info.json in Resources */ = {isa = PBXBuildFile; fileRef = 0D37EA6C1D73E364009DF16A /* test_iphone6_portrait_info.json */; };
		0D37EA711D73E364009DF16A /* test_iphone6_portrait.png in Resources */ = {isa = PBXBuildFile; fileRef = 0D37EA6D1D73E364009DF16A /* test_iphone6_portrait.png */; };
		0D665E6C1D581F9B00558EA0 /* BounceViewControllerTests.swift in Sources */ = {isa = PBXBuildFile; fileRef = 0D665E6B1D581F9B00558EA0 /* BounceViewControllerTests.swift */; };
		0D77CBCC1DB6080B000DC571 /* Assets.xcassets in Resources */ = {isa = PBXBuildFile; fileRef = 0D77CBCB1DB6080B000DC571 /* Assets.xcassets */; };
		0D83BE921D96407600256F63 /* MeshFragmentShader.glsl in Resources */ = {isa = PBXBuildFile; fileRef = 0D83BE8E1D96407600256F63 /* MeshFragmentShader.glsl */; };
		0D83BE931D96407600256F63 /* MeshVertexShader.glsl in Resources */ = {isa = PBXBuildFile; fileRef = 0D83BE8F1D96407600256F63 /* MeshVertexShader.glsl */; };
		0D83BE941D96407600256F63 /* SimpleFragmentShader.glsl in Resources */ = {isa = PBXBuildFile; fileRef = 0D83BE901D96407600256F63 /* SimpleFragmentShader.glsl */; };
		0D83BE951D96407600256F63 /* SimpleVertexShader.glsl in Resources */ = {isa = PBXBuildFile; fileRef = 0D83BE911D96407600256F63 /* SimpleVertexShader.glsl */; };
		0DD20F561D581263006DDDAB /* Main.storyboard in Resources */ = {isa = PBXBuildFile; fileRef = 0DD20F541D581263006DDDAB /* Main.storyboard */; };
		0DD20F5B1D581263006DDDAB /* LaunchScreen.storyboard in Resources */ = {isa = PBXBuildFile; fileRef = 0DD20F591D581263006DDDAB /* LaunchScreen.storyboard */; };
		0DD20F661D581263006DDDAB /* BounceTests.swift in Sources */ = {isa = PBXBuildFile; fileRef = 0DD20F651D581263006DDDAB /* BounceTests.swift */; };
		0DD20F711D581263006DDDAB /* BounceUITests.swift in Sources */ = {isa = PBXBuildFile; fileRef = 0DD20F701D581263006DDDAB /* BounceUITests.swift */; };
		C21E409E1DB8472500EB6A4F /* Blob.swift in Sources */ = {isa = PBXBuildFile; fileRef = C21E40751DB8472500EB6A4F /* Blob.swift */; };
		C21E409F1DB8472500EB6A4F /* BlobMeshBuffer.swift in Sources */ = {isa = PBXBuildFile; fileRef = C21E40761DB8472500EB6A4F /* BlobMeshBuffer.swift */; };
		C21E40A01DB8472500EB6A4F /* BlobMeshNode.swift in Sources */ = {isa = PBXBuildFile; fileRef = C21E40771DB8472500EB6A4F /* BlobMeshNode.swift */; };
		C21E40A11DB8472500EB6A4F /* BounceEngine.swift in Sources */ = {isa = PBXBuildFile; fileRef = C21E40781DB8472500EB6A4F /* BounceEngine.swift */; };
		C21E40A21DB8472500EB6A4F /* BounceScene.swift in Sources */ = {isa = PBXBuildFile; fileRef = C21E40791DB8472500EB6A4F /* BounceScene.swift */; };
		C21E40A31DB8472500EB6A4F /* BounceViewController.swift in Sources */ = {isa = PBXBuildFile; fileRef = C21E407A1DB8472500EB6A4F /* BounceViewController.swift */; };
		C21E40A41DB8472500EB6A4F /* IndexTriangleList.swift in Sources */ = {isa = PBXBuildFile; fileRef = C21E407B1DB8472500EB6A4F /* IndexTriangleList.swift */; };
		C21E40A51DB8472500EB6A4F /* BottomMenu.swift in Sources */ = {isa = PBXBuildFile; fileRef = C21E407E1DB8472500EB6A4F /* BottomMenu.swift */; };
		C21E40A61DB8472500EB6A4F /* ToolBarBottom.swift in Sources */ = {isa = PBXBuildFile; fileRef = C21E407F1DB8472500EB6A4F /* ToolBarBottom.swift */; };
		C21E40A71DB8472500EB6A4F /* ToolContainerBottomAccessory.swift in Sources */ = {isa = PBXBuildFile; fileRef = C21E40801DB8472500EB6A4F /* ToolContainerBottomAccessory.swift */; };
		C21E40A81DB8472500EB6A4F /* ToolContainerBottomMain.swift in Sources */ = {isa = PBXBuildFile; fileRef = C21E40811DB8472500EB6A4F /* ToolContainerBottomMain.swift */; };
		C21E40A91DB8472500EB6A4F /* ToolRowAccessoryBottomEdit.swift in Sources */ = {isa = PBXBuildFile; fileRef = C21E40821DB8472500EB6A4F /* ToolRowAccessoryBottomEdit.swift */; };
		C21E40AA1DB8472500EB6A4F /* ToolRowAccessoryBottomView.swift in Sources */ = {isa = PBXBuildFile; fileRef = C21E40831DB8472500EB6A4F /* ToolRowAccessoryBottomView.swift */; };
		C21E40AB1DB8472500EB6A4F /* ToolRowAccessoryBottomZoom.swift in Sources */ = {isa = PBXBuildFile; fileRef = C21E40841DB8472500EB6A4F /* ToolRowAccessoryBottomZoom.swift */; };
		C21E40AC1DB8472500EB6A4F /* ToolRowBottomEdit.swift in Sources */ = {isa = PBXBuildFile; fileRef = C21E40851DB8472500EB6A4F /* ToolRowBottomEdit.swift */; };
		C21E40AD1DB8472500EB6A4F /* ToolRowBottomView.swift in Sources */ = {isa = PBXBuildFile; fileRef = C21E40861DB8472500EB6A4F /* ToolRowBottomView.swift */; };
		C21E40AE1DB8472500EB6A4F /* ToolRowBottomZoom.swift in Sources */ = {isa = PBXBuildFile; fileRef = C21E40871DB8472500EB6A4F /* ToolRowBottomZoom.swift */; };
		C21E40AF1DB8472500EB6A4F /* ToolBarTop.swift in Sources */ = {isa = PBXBuildFile; fileRef = C21E40891DB8472500EB6A4F /* ToolBarTop.swift */; };
		C21E40B01DB8472500EB6A4F /* HMButton.swift in Sources */ = {isa = PBXBuildFile; fileRef = C21E408A1DB8472500EB6A4F /* HMButton.swift */; };
		C21E40B11DB8472500EB6A4F /* RRButton.swift in Sources */ = {isa = PBXBuildFile; fileRef = C21E408B1DB8472500EB6A4F /* RRButton.swift */; };
		C21E40B21DB8472500EB6A4F /* Style.swift in Sources */ = {isa = PBXBuildFile; fileRef = C21E408C1DB8472500EB6A4F /* Style.swift */; };
		C21E40B31DB8472500EB6A4F /* TBButton.swift in Sources */ = {isa = PBXBuildFile; fileRef = C21E408D1DB8472500EB6A4F /* TBButton.swift */; };
		C21E40B41DB8472500EB6A4F /* TBCheckBox.swift in Sources */ = {isa = PBXBuildFile; fileRef = C21E408E1DB8472500EB6A4F /* TBCheckBox.swift */; };
		C21E40B51DB8472500EB6A4F /* TBSegment.swift in Sources */ = {isa = PBXBuildFile; fileRef = C21E408F1DB8472500EB6A4F /* TBSegment.swift */; };
		C21E40B61DB8472500EB6A4F /* TBSegmentButton.swift in Sources */ = {isa = PBXBuildFile; fileRef = C21E40901DB8472500EB6A4F /* TBSegmentButton.swift */; };
		C21E40B71DB8472500EB6A4F /* ToolRow.swift in Sources */ = {isa = PBXBuildFile; fileRef = C21E40911DB8472500EB6A4F /* ToolRow.swift */; };
		C21E40B81DB8472500EB6A4F /* ToolRowContainer.swift in Sources */ = {isa = PBXBuildFile; fileRef = C21E40921DB8472500EB6A4F /* ToolRowContainer.swift */; };
		C21E40B91DB8472500EB6A4F /* ToolView.swift in Sources */ = {isa = PBXBuildFile; fileRef = C21E40931DB8472500EB6A4F /* ToolView.swift */; };
		C21E40BA1DB8472500EB6A4F /* AppDelegate.swift in Sources */ = {isa = PBXBuildFile; fileRef = C21E40941DB8472500EB6A4F /* AppDelegate.swift */; };
		C21E40BB1DB8472500EB6A4F /* ApplicationController.swift in Sources */ = {isa = PBXBuildFile; fileRef = C21E40951DB8472500EB6A4F /* ApplicationController.swift */; };
		C21E40BC1DB8472500EB6A4F /* Config.swift in Sources */ = {isa = PBXBuildFile; fileRef = C21E40961DB8472500EB6A4F /* Config.swift */; };
		C21E40BE1DB8472500EB6A4F /* HomeMenuViewController.swift in Sources */ = {isa = PBXBuildFile; fileRef = C21E40981DB8472500EB6A4F /* HomeMenuViewController.swift */; };
		C21E40BF1DB8472500EB6A4F /* ImageImportViewController.swift in Sources */ = {isa = PBXBuildFile; fileRef = C21E40991DB8472500EB6A4F /* ImageImportViewController.swift */; };
		C21E40C01DB8472500EB6A4F /* Reader.swift in Sources */ = {isa = PBXBuildFile; fileRef = C21E409A1DB8472500EB6A4F /* Reader.swift */; };
		C21E40C11DB8472500EB6A4F /* RootViewController.swift in Sources */ = {isa = PBXBuildFile; fileRef = C21E409B1DB8472500EB6A4F /* RootViewController.swift */; };
		C21E40C21DB8472500EB6A4F /* ToolActions.swift in Sources */ = {isa = PBXBuildFile; fileRef = C21E409C1DB8472500EB6A4F /* ToolActions.swift */; };
		C21E40C31DB8472500EB6A4F /* Uploader.swift in Sources */ = {isa = PBXBuildFile; fileRef = C21E409D1DB8472500EB6A4F /* Uploader.swift */; };
		C21E40C51DB8550400EB6A4F /* ButtonGroup.swift in Sources */ = {isa = PBXBuildFile; fileRef = C21E40C41DB8550400EB6A4F /* ButtonGroup.swift */; };
		C2333C691D5ABB1F00779FB6 /* HomeMenuViewControllerTests.swift in Sources */ = {isa = PBXBuildFile; fileRef = C2333C681D5ABB1F00779FB6 /* HomeMenuViewControllerTests.swift */; };
		C23BEA3C1DB591EF006A449A /* CGRect+Extras.swift in Sources */ = {isa = PBXBuildFile; fileRef = C23BEA3B1DB591EF006A449A /* CGRect+Extras.swift */; };
		C23BEA3E1DB592F1006A449A /* CGSize+Extras.swift in Sources */ = {isa = PBXBuildFile; fileRef = C23BEA3D1DB592F1006A449A /* CGSize+Extras.swift */; };
		C24AA0581DC0000F00B751B9 /* HistoryStateChangeShape.swift in Sources */ = {isa = PBXBuildFile; fileRef = C24AA0571DC0000F00B751B9 /* HistoryStateChangeShape.swift */; };
		C24AA05A1DC0002C00B751B9 /* HistoryStateChangeAffine.swift in Sources */ = {isa = PBXBuildFile; fileRef = C24AA0591DC0002C00B751B9 /* HistoryStateChangeAffine.swift */; };
		C24AA05C1DC03C6600B751B9 /* TopMenu.swift in Sources */ = {isa = PBXBuildFile; fileRef = C24AA05B1DC03C6600B751B9 /* TopMenu.swift */; };
		C24AA05E1DC03C7A00B751B9 /* ToolContainerTopMain.swift in Sources */ = {isa = PBXBuildFile; fileRef = C24AA05D1DC03C7A00B751B9 /* ToolContainerTopMain.swift */; };
		C24AA0601DC03C8E00B751B9 /* ToolContainerTopAccessory.swift in Sources */ = {isa = PBXBuildFile; fileRef = C24AA05F1DC03C8E00B751B9 /* ToolContainerTopAccessory.swift */; };
		C24AA0621DC03D0F00B751B9 /* ToolRowTopEdit.swift in Sources */ = {isa = PBXBuildFile; fileRef = C24AA0611DC03D0F00B751B9 /* ToolRowTopEdit.swift */; };
		C24AA0641DC03D1D00B751B9 /* ToolRowTopView.swift in Sources */ = {isa = PBXBuildFile; fileRef = C24AA0631DC03D1D00B751B9 /* ToolRowTopView.swift */; };
		C24AA0661DC03D6E00B751B9 /* ToolRowAccessoryTopEdit.swift in Sources */ = {isa = PBXBuildFile; fileRef = C24AA0651DC03D6E00B751B9 /* ToolRowAccessoryTopEdit.swift */; };
		C24AA0681DC03D7D00B751B9 /* ToolRowAccessoryTopView.swift in Sources */ = {isa = PBXBuildFile; fileRef = C24AA0671DC03D7D00B751B9 /* ToolRowAccessoryTopView.swift */; };
		C276E4DF1DB6F50F00568423 /* Color.swift in Sources */ = {isa = PBXBuildFile; fileRef = C276E4DE1DB6F50F00568423 /* Color.swift */; };
		C281958B1DB1AC8A00B23E52 /* DrawNode.swift in Sources */ = {isa = PBXBuildFile; fileRef = C281956B1DB1AC8A00B23E52 /* DrawNode.swift */; };
		C281958C1DB1AC8A00B23E52 /* DrawNodeBuffer.swift in Sources */ = {isa = PBXBuildFile; fileRef = C281956C1DB1AC8A00B23E52 /* DrawNodeBuffer.swift */; };
		C281958D1DB1AC8A00B23E52 /* DrawTriangle.swift in Sources */ = {isa = PBXBuildFile; fileRef = C281956D1DB1AC8A00B23E52 /* DrawTriangle.swift */; };
		C281958E1DB1AC8A00B23E52 /* DrawTriangleBuffer.swift in Sources */ = {isa = PBXBuildFile; fileRef = C281956E1DB1AC8A00B23E52 /* DrawTriangleBuffer.swift */; };
		C281958F1DB1AC8A00B23E52 /* GLViewController.swift in Sources */ = {isa = PBXBuildFile; fileRef = C281956F1DB1AC8A00B23E52 /* GLViewController.swift */; };
		C28195901DB1AC8A00B23E52 /* Graphics.swift in Sources */ = {isa = PBXBuildFile; fileRef = C28195701DB1AC8A00B23E52 /* Graphics.swift */; };
		C28195911DB1AC8A00B23E52 /* LineSegment.swift in Sources */ = {isa = PBXBuildFile; fileRef = C28195711DB1AC8A00B23E52 /* LineSegment.swift */; };
		C28195921DB1AC8A00B23E52 /* LineSegmentBuffer.swift in Sources */ = {isa = PBXBuildFile; fileRef = C28195721DB1AC8A00B23E52 /* LineSegmentBuffer.swift */; };
		C28195931DB1AC8A00B23E52 /* Matrix.swift in Sources */ = {isa = PBXBuildFile; fileRef = C28195731DB1AC8A00B23E52 /* Matrix.swift */; };
		C28195941DB1AC8A00B23E52 /* PointList.swift in Sources */ = {isa = PBXBuildFile; fileRef = C28195741DB1AC8A00B23E52 /* PointList.swift */; };
		C28195951DB1AC8A00B23E52 /* ShaderProgram.swift in Sources */ = {isa = PBXBuildFile; fileRef = C28195751DB1AC8A00B23E52 /* ShaderProgram.swift */; };
		C28195961DB1AC8A00B23E52 /* ShaderProgramMesh.swift in Sources */ = {isa = PBXBuildFile; fileRef = C28195761DB1AC8A00B23E52 /* ShaderProgramMesh.swift */; };
		C28195971DB1AC8A00B23E52 /* ShaderProgramSimple.swift in Sources */ = {isa = PBXBuildFile; fileRef = C28195771DB1AC8A00B23E52 /* ShaderProgramSimple.swift */; };
		C28195981DB1AC8A00B23E52 /* ShaderProgramSprite.swift in Sources */ = {isa = PBXBuildFile; fileRef = C28195781DB1AC8A00B23E52 /* ShaderProgramSprite.swift */; };
		C28195991DB1AC8A00B23E52 /* Sprite.swift in Sources */ = {isa = PBXBuildFile; fileRef = C28195791DB1AC8A00B23E52 /* Sprite.swift */; };
		C281959A1DB1AC8A00B23E52 /* Texture.swift in Sources */ = {isa = PBXBuildFile; fileRef = C281957A1DB1AC8A00B23E52 /* Texture.swift */; };
		C281959B1DB1AC8A00B23E52 /* ImageDownloader.swift in Sources */ = {isa = PBXBuildFile; fileRef = C281957C1DB1AC8A00B23E52 /* ImageDownloader.swift */; };
		C281959C1DB1AC8A00B23E52 /* ImageDownloaderTask.swift in Sources */ = {isa = PBXBuildFile; fileRef = C281957D1DB1AC8A00B23E52 /* ImageDownloaderTask.swift */; };
		C281959D1DB1AC8A00B23E52 /* JSONFetcher.swift in Sources */ = {isa = PBXBuildFile; fileRef = C281957E1DB1AC8A00B23E52 /* JSONFetcher.swift */; };
		C281959E1DB1AC8A00B23E52 /* WebCommon.swift in Sources */ = {isa = PBXBuildFile; fileRef = C281957F1DB1AC8A00B23E52 /* WebCommon.swift */; };
		C281959F1DB1AC8A00B23E52 /* WebFetcher.swift in Sources */ = {isa = PBXBuildFile; fileRef = C28195801DB1AC8A00B23E52 /* WebFetcher.swift */; };
		C28195A01DB1AC8A00B23E52 /* AppDelegateBase.swift in Sources */ = {isa = PBXBuildFile; fileRef = C28195811DB1AC8A00B23E52 /* AppDelegateBase.swift */; };
		C28195A11DB1AC8A00B23E52 /* CubicSpline.swift in Sources */ = {isa = PBXBuildFile; fileRef = C28195821DB1AC8A00B23E52 /* CubicSpline.swift */; };
		C28195A21DB1AC8A00B23E52 /* Device.swift in Sources */ = {isa = PBXBuildFile; fileRef = C28195831DB1AC8A00B23E52 /* Device.swift */; };
		C28195A31DB1AC8A00B23E52 /* String+URL.swift in Sources */ = {isa = PBXBuildFile; fileRef = C28195851DB1AC8A00B23E52 /* String+URL.swift */; };
		C28195A41DB1AC8A00B23E52 /* UIImage+Resize.swift in Sources */ = {isa = PBXBuildFile; fileRef = C28195861DB1AC8A00B23E52 /* UIImage+Resize.swift */; };
		C28195A51DB1AC8A00B23E52 /* UIView+Extras.swift in Sources */ = {isa = PBXBuildFile; fileRef = C28195871DB1AC8A00B23E52 /* UIView+Extras.swift */; };
		C28195A61DB1AC8A00B23E52 /* FileUtils.swift in Sources */ = {isa = PBXBuildFile; fileRef = C28195881DB1AC8A00B23E52 /* FileUtils.swift */; };
		C28195A71DB1AC8A00B23E52 /* Math.swift in Sources */ = {isa = PBXBuildFile; fileRef = C28195891DB1AC8A00B23E52 /* Math.swift */; };
		C28195A81DB1AC8A00B23E52 /* RootViewControllerBase.swift in Sources */ = {isa = PBXBuildFile; fileRef = C281958A1DB1AC8A00B23E52 /* RootViewControllerBase.swift */; };
		C28195F31DB1B7AD00B23E52 /* UIImagePickerController+Landscape.swift in Sources */ = {isa = PBXBuildFile; fileRef = C28195F21DB1B7AD00B23E52 /* UIImagePickerController+Landscape.swift */; };
		C2D6F6F51DBEADC8001AD0E0 /* HistoryState.swift in Sources */ = {isa = PBXBuildFile; fileRef = C2D6F6F41DBEADC8001AD0E0 /* HistoryState.swift */; };
		C2D6F6F71DBEADDB001AD0E0 /* HistoryStateAddBlob.swift in Sources */ = {isa = PBXBuildFile; fileRef = C2D6F6F61DBEADDB001AD0E0 /* HistoryStateAddBlob.swift */; };
		C2D6F6F91DBEADED001AD0E0 /* HistoryStateDeleteBlob.swift in Sources */ = {isa = PBXBuildFile; fileRef = C2D6F6F81DBEADED001AD0E0 /* HistoryStateDeleteBlob.swift */; };
/* End PBXBuildFile section */

/* Begin PBXContainerItemProxy section */
		0DD20F621D581263006DDDAB /* PBXContainerItemProxy */ = {
			isa = PBXContainerItemProxy;
			containerPortal = 0DD20F451D581262006DDDAB /* Project object */;
			proxyType = 1;
			remoteGlobalIDString = 0DD20F4C1D581262006DDDAB;
			remoteInfo = Bounce;
		};
		0DD20F6D1D581263006DDDAB /* PBXContainerItemProxy */ = {
			isa = PBXContainerItemProxy;
			containerPortal = 0DD20F451D581262006DDDAB /* Project object */;
			proxyType = 1;
			remoteGlobalIDString = 0DD20F4C1D581262006DDDAB;
			remoteInfo = Bounce;
		};
/* End PBXContainerItemProxy section */

/* Begin PBXFileReference section */
		0D37EA181D7381DA009DF16A /* background_generic.png */ = {isa = PBXFileReference; lastKnownFileType = image.png; path = background_generic.png; sourceTree = "<group>"; };
		0D37EA191D7381DA009DF16A /* background_generic@2x.png */ = {isa = PBXFileReference; lastKnownFileType = image.png; path = "background_generic@2x.png"; sourceTree = "<group>"; };
		0D37EA1A1D7381DA009DF16A /* background_modal_ipad.png */ = {isa = PBXFileReference; lastKnownFileType = image.png; path = background_modal_ipad.png; sourceTree = "<group>"; };
		0D37EA1B1D7381DA009DF16A /* background_modal_ipad@2x.png */ = {isa = PBXFileReference; lastKnownFileType = image.png; path = "background_modal_ipad@2x.png"; sourceTree = "<group>"; };
		0D37EA1D1D7381DA009DF16A /* checkbox_back_checked@2x.png */ = {isa = PBXFileReference; lastKnownFileType = image.png; path = "checkbox_back_checked@2x.png"; sourceTree = "<group>"; };
		0D37EA1E1D7381DA009DF16A /* checkbox_back_unchecked@2x.png */ = {isa = PBXFileReference; lastKnownFileType = image.png; path = "checkbox_back_unchecked@2x.png"; sourceTree = "<group>"; };
		0D37EA1F1D7381DA009DF16A /* main_seg_back_highlight@2x.png */ = {isa = PBXFileReference; lastKnownFileType = image.png; path = "main_seg_back_highlight@2x.png"; sourceTree = "<group>"; };
		0D37EA201D7381DA009DF16A /* reg_btn_clone_selected@2x.png */ = {isa = PBXFileReference; lastKnownFileType = image.png; path = "reg_btn_clone_selected@2x.png"; sourceTree = "<group>"; };
		0D37EA211D7381DA009DF16A /* reg_btn_clone_selected_down@2x.png */ = {isa = PBXFileReference; lastKnownFileType = image.png; path = "reg_btn_clone_selected_down@2x.png"; sourceTree = "<group>"; };
		0D37EA221D7381DA009DF16A /* reg_btn_copy@2x.png */ = {isa = PBXFileReference; lastKnownFileType = image.png; path = "reg_btn_copy@2x.png"; sourceTree = "<group>"; };
		0D37EA231D7381DA009DF16A /* reg_btn_copy_down@2x.png */ = {isa = PBXFileReference; lastKnownFileType = image.png; path = "reg_btn_copy_down@2x.png"; sourceTree = "<group>"; };
		0D37EA241D7381DA009DF16A /* reg_btn_delete_all@2x.png */ = {isa = PBXFileReference; lastKnownFileType = image.png; path = "reg_btn_delete_all@2x.png"; sourceTree = "<group>"; };
		0D37EA251D7381DA009DF16A /* reg_btn_delete_all_down@2x.png */ = {isa = PBXFileReference; lastKnownFileType = image.png; path = "reg_btn_delete_all_down@2x.png"; sourceTree = "<group>"; };
		0D37EA261D7381DA009DF16A /* reg_btn_deselect@2x.png */ = {isa = PBXFileReference; lastKnownFileType = image.png; path = "reg_btn_deselect@2x.png"; sourceTree = "<group>"; };
		0D37EA271D7381DA009DF16A /* reg_btn_deselect_down@2x.png */ = {isa = PBXFileReference; lastKnownFileType = image.png; path = "reg_btn_deselect_down@2x.png"; sourceTree = "<group>"; };
		0D37EA281D7381DA009DF16A /* reg_btn_load@2x.png */ = {isa = PBXFileReference; lastKnownFileType = image.png; path = "reg_btn_load@2x.png"; sourceTree = "<group>"; };
		0D37EA291D7381DA009DF16A /* reg_btn_load_down@2x.png */ = {isa = PBXFileReference; lastKnownFileType = image.png; path = "reg_btn_load_down@2x.png"; sourceTree = "<group>"; };
		0D37EA2A1D7381DA009DF16A /* reg_btn_paste@2x.png */ = {isa = PBXFileReference; lastKnownFileType = image.png; path = "reg_btn_paste@2x.png"; sourceTree = "<group>"; };
		0D37EA2B1D7381DA009DF16A /* reg_btn_paste_down@2x.png */ = {isa = PBXFileReference; lastKnownFileType = image.png; path = "reg_btn_paste_down@2x.png"; sourceTree = "<group>"; };
		0D37EA2C1D7381DA009DF16A /* reg_btn_reset_center@2x.png */ = {isa = PBXFileReference; lastKnownFileType = image.png; path = "reg_btn_reset_center@2x.png"; sourceTree = "<group>"; };
		0D37EA2D1D7381DA009DF16A /* reg_btn_reset_center_down@2x.png */ = {isa = PBXFileReference; lastKnownFileType = image.png; path = "reg_btn_reset_center_down@2x.png"; sourceTree = "<group>"; };
		0D37EA2E1D7381DA009DF16A /* reg_btn_reset_zoom@2x.png */ = {isa = PBXFileReference; lastKnownFileType = image.png; path = "reg_btn_reset_zoom@2x.png"; sourceTree = "<group>"; };
		0D37EA2F1D7381DA009DF16A /* reg_btn_reset_zoom_down@2x.png */ = {isa = PBXFileReference; lastKnownFileType = image.png; path = "reg_btn_reset_zoom_down@2x.png"; sourceTree = "<group>"; };
		0D37EA301D7381DA009DF16A /* reg_btn_save@2x.png */ = {isa = PBXFileReference; lastKnownFileType = image.png; path = "reg_btn_save@2x.png"; sourceTree = "<group>"; };
		0D37EA311D7381DA009DF16A /* reg_btn_save_as@2x.png */ = {isa = PBXFileReference; lastKnownFileType = image.png; path = "reg_btn_save_as@2x.png"; sourceTree = "<group>"; };
		0D37EA321D7381DA009DF16A /* reg_btn_save_as_down@2x.png */ = {isa = PBXFileReference; lastKnownFileType = image.png; path = "reg_btn_save_as_down@2x.png"; sourceTree = "<group>"; };
		0D37EA331D7381DA009DF16A /* reg_btn_save_down@2x.png */ = {isa = PBXFileReference; lastKnownFileType = image.png; path = "reg_btn_save_down@2x.png"; sourceTree = "<group>"; };
		0D37EA341D7381DA009DF16A /* reg_btn_select_any@2x.png */ = {isa = PBXFileReference; lastKnownFileType = image.png; path = "reg_btn_select_any@2x.png"; sourceTree = "<group>"; };
		0D37EA351D7381DA009DF16A /* reg_btn_select_any_down@2x.png */ = {isa = PBXFileReference; lastKnownFileType = image.png; path = "reg_btn_select_any_down@2x.png"; sourceTree = "<group>"; };
		0D37EA361D7381DA009DF16A /* seg_back_highlight@2x.png */ = {isa = PBXFileReference; lastKnownFileType = image.png; path = "seg_back_highlight@2x.png"; sourceTree = "<group>"; };
		0D37EA381D7381DA009DF16A /* test_ipad_landscape.jpg */ = {isa = PBXFileReference; lastKnownFileType = image.jpeg; path = test_ipad_landscape.jpg; sourceTree = "<group>"; };
		0D37EA391D7381DA009DF16A /* test_ipad_landscape_info.json */ = {isa = PBXFileReference; fileEncoding = 4; lastKnownFileType = text.json; path = test_ipad_landscape_info.json; sourceTree = "<group>"; };
		0D37EA3A1D7381DA009DF16A /* test_ipad_portrait.jpg */ = {isa = PBXFileReference; lastKnownFileType = image.jpeg; path = test_ipad_portrait.jpg; sourceTree = "<group>"; };
		0D37EA3B1D7381DA009DF16A /* test_ipad_portrait_info.json */ = {isa = PBXFileReference; fileEncoding = 4; lastKnownFileType = text.json; path = test_ipad_portrait_info.json; sourceTree = "<group>"; };
		0D37EA3C1D7381DA009DF16A /* test_card.jpg */ = {isa = PBXFileReference; lastKnownFileType = image.jpeg; path = test_card.jpg; sourceTree = "<group>"; };
		0D37EA3D1D7381DA009DF16A /* test_image.jpg */ = {isa = PBXFileReference; lastKnownFileType = image.jpeg; path = test_image.jpg; sourceTree = "<group>"; };
		0D37EA621D73C2EA009DF16A /* test_iphone5_landscape_info.json */ = {isa = PBXFileReference; fileEncoding = 4; lastKnownFileType = text.json; path = test_iphone5_landscape_info.json; sourceTree = "<group>"; };
		0D37EA631D73C2EA009DF16A /* test_iphone5_landscape.png */ = {isa = PBXFileReference; lastKnownFileType = image.png; path = test_iphone5_landscape.png; sourceTree = "<group>"; };
		0D37EA641D73C2EA009DF16A /* test_iphone5_portrait_info.json */ = {isa = PBXFileReference; fileEncoding = 4; lastKnownFileType = text.json; path = test_iphone5_portrait_info.json; sourceTree = "<group>"; };
		0D37EA651D73C2EA009DF16A /* test_iphone5_portrait.png */ = {isa = PBXFileReference; lastKnownFileType = image.png; path = test_iphone5_portrait.png; sourceTree = "<group>"; };
		0D37EA6A1D73E364009DF16A /* test_iphone6_landscape_info.json */ = {isa = PBXFileReference; fileEncoding = 4; lastKnownFileType = text.json; path = test_iphone6_landscape_info.json; sourceTree = "<group>"; };
		0D37EA6B1D73E364009DF16A /* test_iphone6_landscape.png */ = {isa = PBXFileReference; lastKnownFileType = image.png; path = test_iphone6_landscape.png; sourceTree = "<group>"; };
		0D37EA6C1D73E364009DF16A /* test_iphone6_portrait_info.json */ = {isa = PBXFileReference; fileEncoding = 4; lastKnownFileType = text.json; path = test_iphone6_portrait_info.json; sourceTree = "<group>"; };
		0D37EA6D1D73E364009DF16A /* test_iphone6_portrait.png */ = {isa = PBXFileReference; lastKnownFileType = image.png; path = test_iphone6_portrait.png; sourceTree = "<group>"; };
		0D665E6B1D581F9B00558EA0 /* BounceViewControllerTests.swift */ = {isa = PBXFileReference; fileEncoding = 4; lastKnownFileType = sourcecode.swift; path = BounceViewControllerTests.swift; sourceTree = "<group>"; };
		0D77CBCB1DB6080B000DC571 /* Assets.xcassets */ = {isa = PBXFileReference; lastKnownFileType = folder.assetcatalog; path = Assets.xcassets; sourceTree = "<group>"; };
		0D83BE8E1D96407600256F63 /* MeshFragmentShader.glsl */ = {isa = PBXFileReference; fileEncoding = 4; lastKnownFileType = text; path = MeshFragmentShader.glsl; sourceTree = "<group>"; };
		0D83BE8F1D96407600256F63 /* MeshVertexShader.glsl */ = {isa = PBXFileReference; fileEncoding = 4; lastKnownFileType = text; path = MeshVertexShader.glsl; sourceTree = "<group>"; };
		0D83BE901D96407600256F63 /* SimpleFragmentShader.glsl */ = {isa = PBXFileReference; fileEncoding = 4; lastKnownFileType = text; path = SimpleFragmentShader.glsl; sourceTree = "<group>"; };
		0D83BE911D96407600256F63 /* SimpleVertexShader.glsl */ = {isa = PBXFileReference; fileEncoding = 4; lastKnownFileType = text; path = SimpleVertexShader.glsl; sourceTree = "<group>"; };
		0DD20F4D1D581262006DDDAB /* Bounce.app */ = {isa = PBXFileReference; explicitFileType = wrapper.application; includeInIndex = 0; path = Bounce.app; sourceTree = BUILT_PRODUCTS_DIR; };
		0DD20F551D581263006DDDAB /* Base */ = {isa = PBXFileReference; lastKnownFileType = file.storyboard; name = Base; path = Base.lproj/Main.storyboard; sourceTree = "<group>"; };
		0DD20F5A1D581263006DDDAB /* Base */ = {isa = PBXFileReference; lastKnownFileType = file.storyboard; name = Base; path = Base.lproj/LaunchScreen.storyboard; sourceTree = "<group>"; };
		0DD20F5C1D581263006DDDAB /* Info.plist */ = {isa = PBXFileReference; lastKnownFileType = text.plist.xml; path = Info.plist; sourceTree = "<group>"; };
		0DD20F611D581263006DDDAB /* BounceTests.xctest */ = {isa = PBXFileReference; explicitFileType = wrapper.cfbundle; includeInIndex = 0; path = BounceTests.xctest; sourceTree = BUILT_PRODUCTS_DIR; };
		0DD20F651D581263006DDDAB /* BounceTests.swift */ = {isa = PBXFileReference; lastKnownFileType = sourcecode.swift; path = BounceTests.swift; sourceTree = "<group>"; };
		0DD20F671D581263006DDDAB /* Info.plist */ = {isa = PBXFileReference; lastKnownFileType = text.plist.xml; path = Info.plist; sourceTree = "<group>"; };
		0DD20F6C1D581263006DDDAB /* BounceUITests.xctest */ = {isa = PBXFileReference; explicitFileType = wrapper.cfbundle; includeInIndex = 0; path = BounceUITests.xctest; sourceTree = BUILT_PRODUCTS_DIR; };
		0DD20F701D581263006DDDAB /* BounceUITests.swift */ = {isa = PBXFileReference; lastKnownFileType = sourcecode.swift; path = BounceUITests.swift; sourceTree = "<group>"; };
		0DD20F721D581263006DDDAB /* Info.plist */ = {isa = PBXFileReference; lastKnownFileType = text.plist.xml; path = Info.plist; sourceTree = "<group>"; };
		C21E40751DB8472500EB6A4F /* Blob.swift */ = {isa = PBXFileReference; fileEncoding = 4; lastKnownFileType = sourcecode.swift; path = Blob.swift; sourceTree = "<group>"; };
		C21E40761DB8472500EB6A4F /* BlobMeshBuffer.swift */ = {isa = PBXFileReference; fileEncoding = 4; lastKnownFileType = sourcecode.swift; path = BlobMeshBuffer.swift; sourceTree = "<group>"; };
		C21E40771DB8472500EB6A4F /* BlobMeshNode.swift */ = {isa = PBXFileReference; fileEncoding = 4; lastKnownFileType = sourcecode.swift; path = BlobMeshNode.swift; sourceTree = "<group>"; };
		C21E40781DB8472500EB6A4F /* BounceEngine.swift */ = {isa = PBXFileReference; fileEncoding = 4; lastKnownFileType = sourcecode.swift; path = BounceEngine.swift; sourceTree = "<group>"; };
		C21E40791DB8472500EB6A4F /* BounceScene.swift */ = {isa = PBXFileReference; fileEncoding = 4; lastKnownFileType = sourcecode.swift; path = BounceScene.swift; sourceTree = "<group>"; };
		C21E407A1DB8472500EB6A4F /* BounceViewController.swift */ = {isa = PBXFileReference; fileEncoding = 4; lastKnownFileType = sourcecode.swift; path = BounceViewController.swift; sourceTree = "<group>"; };
		C21E407B1DB8472500EB6A4F /* IndexTriangleList.swift */ = {isa = PBXFileReference; fileEncoding = 4; lastKnownFileType = sourcecode.swift; path = IndexTriangleList.swift; sourceTree = "<group>"; };
		C21E407E1DB8472500EB6A4F /* BottomMenu.swift */ = {isa = PBXFileReference; fileEncoding = 4; lastKnownFileType = sourcecode.swift; path = BottomMenu.swift; sourceTree = "<group>"; };
		C21E407F1DB8472500EB6A4F /* ToolBarBottom.swift */ = {isa = PBXFileReference; fileEncoding = 4; lastKnownFileType = sourcecode.swift; path = ToolBarBottom.swift; sourceTree = "<group>"; };
		C21E40801DB8472500EB6A4F /* ToolContainerBottomAccessory.swift */ = {isa = PBXFileReference; fileEncoding = 4; lastKnownFileType = sourcecode.swift; path = ToolContainerBottomAccessory.swift; sourceTree = "<group>"; };
		C21E40811DB8472500EB6A4F /* ToolContainerBottomMain.swift */ = {isa = PBXFileReference; fileEncoding = 4; lastKnownFileType = sourcecode.swift; path = ToolContainerBottomMain.swift; sourceTree = "<group>"; };
		C21E40821DB8472500EB6A4F /* ToolRowAccessoryBottomEdit.swift */ = {isa = PBXFileReference; fileEncoding = 4; lastKnownFileType = sourcecode.swift; path = ToolRowAccessoryBottomEdit.swift; sourceTree = "<group>"; };
		C21E40831DB8472500EB6A4F /* ToolRowAccessoryBottomView.swift */ = {isa = PBXFileReference; fileEncoding = 4; lastKnownFileType = sourcecode.swift; path = ToolRowAccessoryBottomView.swift; sourceTree = "<group>"; };
		C21E40841DB8472500EB6A4F /* ToolRowAccessoryBottomZoom.swift */ = {isa = PBXFileReference; fileEncoding = 4; lastKnownFileType = sourcecode.swift; path = ToolRowAccessoryBottomZoom.swift; sourceTree = "<group>"; };
		C21E40851DB8472500EB6A4F /* ToolRowBottomEdit.swift */ = {isa = PBXFileReference; fileEncoding = 4; lastKnownFileType = sourcecode.swift; path = ToolRowBottomEdit.swift; sourceTree = "<group>"; };
		C21E40861DB8472500EB6A4F /* ToolRowBottomView.swift */ = {isa = PBXFileReference; fileEncoding = 4; lastKnownFileType = sourcecode.swift; path = ToolRowBottomView.swift; sourceTree = "<group>"; };
		C21E40871DB8472500EB6A4F /* ToolRowBottomZoom.swift */ = {isa = PBXFileReference; fileEncoding = 4; lastKnownFileType = sourcecode.swift; path = ToolRowBottomZoom.swift; sourceTree = "<group>"; };
		C21E40891DB8472500EB6A4F /* ToolBarTop.swift */ = {isa = PBXFileReference; fileEncoding = 4; lastKnownFileType = sourcecode.swift; path = ToolBarTop.swift; sourceTree = "<group>"; };
		C21E408A1DB8472500EB6A4F /* HMButton.swift */ = {isa = PBXFileReference; fileEncoding = 4; lastKnownFileType = sourcecode.swift; path = HMButton.swift; sourceTree = "<group>"; };
		C21E408B1DB8472500EB6A4F /* RRButton.swift */ = {isa = PBXFileReference; fileEncoding = 4; lastKnownFileType = sourcecode.swift; path = RRButton.swift; sourceTree = "<group>"; };
		C21E408C1DB8472500EB6A4F /* Style.swift */ = {isa = PBXFileReference; fileEncoding = 4; lastKnownFileType = sourcecode.swift; path = Style.swift; sourceTree = "<group>"; };
		C21E408D1DB8472500EB6A4F /* TBButton.swift */ = {isa = PBXFileReference; fileEncoding = 4; lastKnownFileType = sourcecode.swift; path = TBButton.swift; sourceTree = "<group>"; };
		C21E408E1DB8472500EB6A4F /* TBCheckBox.swift */ = {isa = PBXFileReference; fileEncoding = 4; lastKnownFileType = sourcecode.swift; path = TBCheckBox.swift; sourceTree = "<group>"; };
		C21E408F1DB8472500EB6A4F /* TBSegment.swift */ = {isa = PBXFileReference; fileEncoding = 4; lastKnownFileType = sourcecode.swift; path = TBSegment.swift; sourceTree = "<group>"; };
		C21E40901DB8472500EB6A4F /* TBSegmentButton.swift */ = {isa = PBXFileReference; fileEncoding = 4; lastKnownFileType = sourcecode.swift; path = TBSegmentButton.swift; sourceTree = "<group>"; };
		C21E40911DB8472500EB6A4F /* ToolRow.swift */ = {isa = PBXFileReference; fileEncoding = 4; lastKnownFileType = sourcecode.swift; path = ToolRow.swift; sourceTree = "<group>"; };
		C21E40921DB8472500EB6A4F /* ToolRowContainer.swift */ = {isa = PBXFileReference; fileEncoding = 4; lastKnownFileType = sourcecode.swift; path = ToolRowContainer.swift; sourceTree = "<group>"; };
		C21E40931DB8472500EB6A4F /* ToolView.swift */ = {isa = PBXFileReference; fileEncoding = 4; lastKnownFileType = sourcecode.swift; path = ToolView.swift; sourceTree = "<group>"; };
		C21E40941DB8472500EB6A4F /* AppDelegate.swift */ = {isa = PBXFileReference; fileEncoding = 4; lastKnownFileType = sourcecode.swift; path = AppDelegate.swift; sourceTree = "<group>"; };
		C21E40951DB8472500EB6A4F /* ApplicationController.swift */ = {isa = PBXFileReference; fileEncoding = 4; lastKnownFileType = sourcecode.swift; path = ApplicationController.swift; sourceTree = "<group>"; };
		C21E40961DB8472500EB6A4F /* Config.swift */ = {isa = PBXFileReference; fileEncoding = 4; lastKnownFileType = sourcecode.swift; path = Config.swift; sourceTree = "<group>"; };
		C21E40981DB8472500EB6A4F /* HomeMenuViewController.swift */ = {isa = PBXFileReference; fileEncoding = 4; lastKnownFileType = sourcecode.swift; path = HomeMenuViewController.swift; sourceTree = "<group>"; };
		C21E40991DB8472500EB6A4F /* ImageImportViewController.swift */ = {isa = PBXFileReference; fileEncoding = 4; lastKnownFileType = sourcecode.swift; path = ImageImportViewController.swift; sourceTree = "<group>"; };
		C21E409A1DB8472500EB6A4F /* Reader.swift */ = {isa = PBXFileReference; fileEncoding = 4; lastKnownFileType = sourcecode.swift; path = Reader.swift; sourceTree = "<group>"; };
		C21E409B1DB8472500EB6A4F /* RootViewController.swift */ = {isa = PBXFileReference; fileEncoding = 4; lastKnownFileType = sourcecode.swift; path = RootViewController.swift; sourceTree = "<group>"; };
		C21E409C1DB8472500EB6A4F /* ToolActions.swift */ = {isa = PBXFileReference; fileEncoding = 4; lastKnownFileType = sourcecode.swift; path = ToolActions.swift; sourceTree = "<group>"; };
		C21E409D1DB8472500EB6A4F /* Uploader.swift */ = {isa = PBXFileReference; fileEncoding = 4; lastKnownFileType = sourcecode.swift; path = Uploader.swift; sourceTree = "<group>"; };
		C21E40C41DB8550400EB6A4F /* ButtonGroup.swift */ = {isa = PBXFileReference; fileEncoding = 4; lastKnownFileType = sourcecode.swift; path = ButtonGroup.swift; sourceTree = "<group>"; };
		C2333C681D5ABB1F00779FB6 /* HomeMenuViewControllerTests.swift */ = {isa = PBXFileReference; fileEncoding = 4; lastKnownFileType = sourcecode.swift; path = HomeMenuViewControllerTests.swift; sourceTree = "<group>"; };
		C23BEA3B1DB591EF006A449A /* CGRect+Extras.swift */ = {isa = PBXFileReference; fileEncoding = 4; lastKnownFileType = sourcecode.swift; path = "CGRect+Extras.swift"; sourceTree = "<group>"; };
		C23BEA3D1DB592F1006A449A /* CGSize+Extras.swift */ = {isa = PBXFileReference; fileEncoding = 4; lastKnownFileType = sourcecode.swift; path = "CGSize+Extras.swift"; sourceTree = "<group>"; };
		C24AA0571DC0000F00B751B9 /* HistoryStateChangeShape.swift */ = {isa = PBXFileReference; fileEncoding = 4; lastKnownFileType = sourcecode.swift; path = HistoryStateChangeShape.swift; sourceTree = "<group>"; };
		C24AA0591DC0002C00B751B9 /* HistoryStateChangeAffine.swift */ = {isa = PBXFileReference; fileEncoding = 4; lastKnownFileType = sourcecode.swift; path = HistoryStateChangeAffine.swift; sourceTree = "<group>"; };
		C24AA05B1DC03C6600B751B9 /* TopMenu.swift */ = {isa = PBXFileReference; fileEncoding = 4; lastKnownFileType = sourcecode.swift; path = TopMenu.swift; sourceTree = "<group>"; };
		C24AA05D1DC03C7A00B751B9 /* ToolContainerTopMain.swift */ = {isa = PBXFileReference; fileEncoding = 4; lastKnownFileType = sourcecode.swift; path = ToolContainerTopMain.swift; sourceTree = "<group>"; };
		C24AA05F1DC03C8E00B751B9 /* ToolContainerTopAccessory.swift */ = {isa = PBXFileReference; fileEncoding = 4; lastKnownFileType = sourcecode.swift; path = ToolContainerTopAccessory.swift; sourceTree = "<group>"; };
		C24AA0611DC03D0F00B751B9 /* ToolRowTopEdit.swift */ = {isa = PBXFileReference; fileEncoding = 4; lastKnownFileType = sourcecode.swift; path = ToolRowTopEdit.swift; sourceTree = "<group>"; };
		C24AA0631DC03D1D00B751B9 /* ToolRowTopView.swift */ = {isa = PBXFileReference; fileEncoding = 4; lastKnownFileType = sourcecode.swift; path = ToolRowTopView.swift; sourceTree = "<group>"; };
		C24AA0651DC03D6E00B751B9 /* ToolRowAccessoryTopEdit.swift */ = {isa = PBXFileReference; fileEncoding = 4; lastKnownFileType = sourcecode.swift; path = ToolRowAccessoryTopEdit.swift; sourceTree = "<group>"; };
		C24AA0671DC03D7D00B751B9 /* ToolRowAccessoryTopView.swift */ = {isa = PBXFileReference; fileEncoding = 4; lastKnownFileType = sourcecode.swift; path = ToolRowAccessoryTopView.swift; sourceTree = "<group>"; };
		C276E4DE1DB6F50F00568423 /* Color.swift */ = {isa = PBXFileReference; fileEncoding = 4; lastKnownFileType = sourcecode.swift; path = Color.swift; sourceTree = "<group>"; };
		C281956B1DB1AC8A00B23E52 /* DrawNode.swift */ = {isa = PBXFileReference; fileEncoding = 4; lastKnownFileType = sourcecode.swift; path = DrawNode.swift; sourceTree = "<group>"; };
		C281956C1DB1AC8A00B23E52 /* DrawNodeBuffer.swift */ = {isa = PBXFileReference; fileEncoding = 4; lastKnownFileType = sourcecode.swift; path = DrawNodeBuffer.swift; sourceTree = "<group>"; };
		C281956D1DB1AC8A00B23E52 /* DrawTriangle.swift */ = {isa = PBXFileReference; fileEncoding = 4; lastKnownFileType = sourcecode.swift; path = DrawTriangle.swift; sourceTree = "<group>"; };
		C281956E1DB1AC8A00B23E52 /* DrawTriangleBuffer.swift */ = {isa = PBXFileReference; fileEncoding = 4; lastKnownFileType = sourcecode.swift; path = DrawTriangleBuffer.swift; sourceTree = "<group>"; };
		C281956F1DB1AC8A00B23E52 /* GLViewController.swift */ = {isa = PBXFileReference; fileEncoding = 4; lastKnownFileType = sourcecode.swift; path = GLViewController.swift; sourceTree = "<group>"; };
		C28195701DB1AC8A00B23E52 /* Graphics.swift */ = {isa = PBXFileReference; fileEncoding = 4; lastKnownFileType = sourcecode.swift; path = Graphics.swift; sourceTree = "<group>"; };
		C28195711DB1AC8A00B23E52 /* LineSegment.swift */ = {isa = PBXFileReference; fileEncoding = 4; lastKnownFileType = sourcecode.swift; path = LineSegment.swift; sourceTree = "<group>"; };
		C28195721DB1AC8A00B23E52 /* LineSegmentBuffer.swift */ = {isa = PBXFileReference; fileEncoding = 4; lastKnownFileType = sourcecode.swift; path = LineSegmentBuffer.swift; sourceTree = "<group>"; };
		C28195731DB1AC8A00B23E52 /* Matrix.swift */ = {isa = PBXFileReference; fileEncoding = 4; lastKnownFileType = sourcecode.swift; path = Matrix.swift; sourceTree = "<group>"; };
		C28195741DB1AC8A00B23E52 /* PointList.swift */ = {isa = PBXFileReference; fileEncoding = 4; lastKnownFileType = sourcecode.swift; path = PointList.swift; sourceTree = "<group>"; };
		C28195751DB1AC8A00B23E52 /* ShaderProgram.swift */ = {isa = PBXFileReference; fileEncoding = 4; lastKnownFileType = sourcecode.swift; path = ShaderProgram.swift; sourceTree = "<group>"; };
		C28195761DB1AC8A00B23E52 /* ShaderProgramMesh.swift */ = {isa = PBXFileReference; fileEncoding = 4; lastKnownFileType = sourcecode.swift; path = ShaderProgramMesh.swift; sourceTree = "<group>"; };
		C28195771DB1AC8A00B23E52 /* ShaderProgramSimple.swift */ = {isa = PBXFileReference; fileEncoding = 4; lastKnownFileType = sourcecode.swift; path = ShaderProgramSimple.swift; sourceTree = "<group>"; };
		C28195781DB1AC8A00B23E52 /* ShaderProgramSprite.swift */ = {isa = PBXFileReference; fileEncoding = 4; lastKnownFileType = sourcecode.swift; path = ShaderProgramSprite.swift; sourceTree = "<group>"; };
		C28195791DB1AC8A00B23E52 /* Sprite.swift */ = {isa = PBXFileReference; fileEncoding = 4; lastKnownFileType = sourcecode.swift; path = Sprite.swift; sourceTree = "<group>"; };
		C281957A1DB1AC8A00B23E52 /* Texture.swift */ = {isa = PBXFileReference; fileEncoding = 4; lastKnownFileType = sourcecode.swift; path = Texture.swift; sourceTree = "<group>"; };
		C281957C1DB1AC8A00B23E52 /* ImageDownloader.swift */ = {isa = PBXFileReference; fileEncoding = 4; lastKnownFileType = sourcecode.swift; path = ImageDownloader.swift; sourceTree = "<group>"; };
		C281957D1DB1AC8A00B23E52 /* ImageDownloaderTask.swift */ = {isa = PBXFileReference; fileEncoding = 4; lastKnownFileType = sourcecode.swift; path = ImageDownloaderTask.swift; sourceTree = "<group>"; };
		C281957E1DB1AC8A00B23E52 /* JSONFetcher.swift */ = {isa = PBXFileReference; fileEncoding = 4; lastKnownFileType = sourcecode.swift; path = JSONFetcher.swift; sourceTree = "<group>"; };
		C281957F1DB1AC8A00B23E52 /* WebCommon.swift */ = {isa = PBXFileReference; fileEncoding = 4; lastKnownFileType = sourcecode.swift; path = WebCommon.swift; sourceTree = "<group>"; };
		C28195801DB1AC8A00B23E52 /* WebFetcher.swift */ = {isa = PBXFileReference; fileEncoding = 4; lastKnownFileType = sourcecode.swift; path = WebFetcher.swift; sourceTree = "<group>"; };
		C28195811DB1AC8A00B23E52 /* AppDelegateBase.swift */ = {isa = PBXFileReference; fileEncoding = 4; lastKnownFileType = sourcecode.swift; path = AppDelegateBase.swift; sourceTree = "<group>"; };
		C28195821DB1AC8A00B23E52 /* CubicSpline.swift */ = {isa = PBXFileReference; fileEncoding = 4; lastKnownFileType = sourcecode.swift; path = CubicSpline.swift; sourceTree = "<group>"; };
		C28195831DB1AC8A00B23E52 /* Device.swift */ = {isa = PBXFileReference; fileEncoding = 4; lastKnownFileType = sourcecode.swift; path = Device.swift; sourceTree = "<group>"; };
		C28195851DB1AC8A00B23E52 /* String+URL.swift */ = {isa = PBXFileReference; fileEncoding = 4; lastKnownFileType = sourcecode.swift; path = "String+URL.swift"; sourceTree = "<group>"; };
		C28195861DB1AC8A00B23E52 /* UIImage+Resize.swift */ = {isa = PBXFileReference; fileEncoding = 4; lastKnownFileType = sourcecode.swift; path = "UIImage+Resize.swift"; sourceTree = "<group>"; };
		C28195871DB1AC8A00B23E52 /* UIView+Extras.swift */ = {isa = PBXFileReference; fileEncoding = 4; lastKnownFileType = sourcecode.swift; path = "UIView+Extras.swift"; sourceTree = "<group>"; };
		C28195881DB1AC8A00B23E52 /* FileUtils.swift */ = {isa = PBXFileReference; fileEncoding = 4; lastKnownFileType = sourcecode.swift; path = FileUtils.swift; sourceTree = "<group>"; };
		C28195891DB1AC8A00B23E52 /* Math.swift */ = {isa = PBXFileReference; fileEncoding = 4; lastKnownFileType = sourcecode.swift; path = Math.swift; sourceTree = "<group>"; };
		C281958A1DB1AC8A00B23E52 /* RootViewControllerBase.swift */ = {isa = PBXFileReference; fileEncoding = 4; lastKnownFileType = sourcecode.swift; path = RootViewControllerBase.swift; sourceTree = "<group>"; };
		C28195F21DB1B7AD00B23E52 /* UIImagePickerController+Landscape.swift */ = {isa = PBXFileReference; fileEncoding = 4; lastKnownFileType = sourcecode.swift; path = "UIImagePickerController+Landscape.swift"; sourceTree = "<group>"; };
		C2D6F6F41DBEADC8001AD0E0 /* HistoryState.swift */ = {isa = PBXFileReference; fileEncoding = 4; lastKnownFileType = sourcecode.swift; path = HistoryState.swift; sourceTree = "<group>"; };
		C2D6F6F61DBEADDB001AD0E0 /* HistoryStateAddBlob.swift */ = {isa = PBXFileReference; fileEncoding = 4; lastKnownFileType = sourcecode.swift; path = HistoryStateAddBlob.swift; sourceTree = "<group>"; };
		C2D6F6F81DBEADED001AD0E0 /* HistoryStateDeleteBlob.swift */ = {isa = PBXFileReference; fileEncoding = 4; lastKnownFileType = sourcecode.swift; path = HistoryStateDeleteBlob.swift; sourceTree = "<group>"; };
/* End PBXFileReference section */

/* Begin PBXFrameworksBuildPhase section */
		0DD20F4A1D581262006DDDAB /* Frameworks */ = {
			isa = PBXFrameworksBuildPhase;
			buildActionMask = 2147483647;
			files = (
			);
			runOnlyForDeploymentPostprocessing = 0;
		};
		0DD20F5E1D581263006DDDAB /* Frameworks */ = {
			isa = PBXFrameworksBuildPhase;
			buildActionMask = 2147483647;
			files = (
			);
			runOnlyForDeploymentPostprocessing = 0;
		};
		0DD20F691D581263006DDDAB /* Frameworks */ = {
			isa = PBXFrameworksBuildPhase;
			buildActionMask = 2147483647;
			files = (
			);
			runOnlyForDeploymentPostprocessing = 0;
		};
/* End PBXFrameworksBuildPhase section */

/* Begin PBXGroup section */
		0D37EA171D7381DA009DF16A /* Assets (Loose) */ = {
			isa = PBXGroup;
			children = (
				0D37EA181D7381DA009DF16A /* background_generic.png */,
				0D37EA191D7381DA009DF16A /* background_generic@2x.png */,
				0D37EA1A1D7381DA009DF16A /* background_modal_ipad.png */,
				0D37EA1B1D7381DA009DF16A /* background_modal_ipad@2x.png */,
				0D37EA1C1D7381DA009DF16A /* Interface */,
				0D37EA371D7381DA009DF16A /* Scenes */,
				0D37EA3C1D7381DA009DF16A /* test_card.jpg */,
				0D37EA3D1D7381DA009DF16A /* test_image.jpg */,
			);
			path = "Assets (Loose)";
			sourceTree = "<group>";
		};
		0D37EA1C1D7381DA009DF16A /* Interface */ = {
			isa = PBXGroup;
			children = (
				0D37EA1D1D7381DA009DF16A /* checkbox_back_checked@2x.png */,
				0D37EA1E1D7381DA009DF16A /* checkbox_back_unchecked@2x.png */,
				0D37EA1F1D7381DA009DF16A /* main_seg_back_highlight@2x.png */,
				0D37EA201D7381DA009DF16A /* reg_btn_clone_selected@2x.png */,
				0D37EA211D7381DA009DF16A /* reg_btn_clone_selected_down@2x.png */,
				0D37EA221D7381DA009DF16A /* reg_btn_copy@2x.png */,
				0D37EA231D7381DA009DF16A /* reg_btn_copy_down@2x.png */,
				0D37EA241D7381DA009DF16A /* reg_btn_delete_all@2x.png */,
				0D37EA251D7381DA009DF16A /* reg_btn_delete_all_down@2x.png */,
				0D37EA261D7381DA009DF16A /* reg_btn_deselect@2x.png */,
				0D37EA271D7381DA009DF16A /* reg_btn_deselect_down@2x.png */,
				0D37EA281D7381DA009DF16A /* reg_btn_load@2x.png */,
				0D37EA291D7381DA009DF16A /* reg_btn_load_down@2x.png */,
				0D37EA2A1D7381DA009DF16A /* reg_btn_paste@2x.png */,
				0D37EA2B1D7381DA009DF16A /* reg_btn_paste_down@2x.png */,
				0D37EA2C1D7381DA009DF16A /* reg_btn_reset_center@2x.png */,
				0D37EA2D1D7381DA009DF16A /* reg_btn_reset_center_down@2x.png */,
				0D37EA2E1D7381DA009DF16A /* reg_btn_reset_zoom@2x.png */,
				0D37EA2F1D7381DA009DF16A /* reg_btn_reset_zoom_down@2x.png */,
				0D37EA301D7381DA009DF16A /* reg_btn_save@2x.png */,
				0D37EA311D7381DA009DF16A /* reg_btn_save_as@2x.png */,
				0D37EA321D7381DA009DF16A /* reg_btn_save_as_down@2x.png */,
				0D37EA331D7381DA009DF16A /* reg_btn_save_down@2x.png */,
				0D37EA341D7381DA009DF16A /* reg_btn_select_any@2x.png */,
				0D37EA351D7381DA009DF16A /* reg_btn_select_any_down@2x.png */,
				0D37EA361D7381DA009DF16A /* seg_back_highlight@2x.png */,
			);
			path = Interface;
			sourceTree = "<group>";
		};
		0D37EA371D7381DA009DF16A /* Scenes */ = {
			isa = PBXGroup;
			children = (
				0D37EA6A1D73E364009DF16A /* test_iphone6_landscape_info.json */,
				0D37EA6B1D73E364009DF16A /* test_iphone6_landscape.png */,
				0D37EA6C1D73E364009DF16A /* test_iphone6_portrait_info.json */,
				0D37EA6D1D73E364009DF16A /* test_iphone6_portrait.png */,
				0D37EA621D73C2EA009DF16A /* test_iphone5_landscape_info.json */,
				0D37EA631D73C2EA009DF16A /* test_iphone5_landscape.png */,
				0D37EA641D73C2EA009DF16A /* test_iphone5_portrait_info.json */,
				0D37EA651D73C2EA009DF16A /* test_iphone5_portrait.png */,
				0D37EA381D7381DA009DF16A /* test_ipad_landscape.jpg */,
				0D37EA391D7381DA009DF16A /* test_ipad_landscape_info.json */,
				0D37EA3A1D7381DA009DF16A /* test_ipad_portrait.jpg */,
				0D37EA3B1D7381DA009DF16A /* test_ipad_portrait_info.json */,
			);
			path = Scenes;
			sourceTree = "<group>";
		};
		0D665E6F1D58239800558EA0 /* Shaders */ = {
			isa = PBXGroup;
			children = (
				0D83BE8E1D96407600256F63 /* MeshFragmentShader.glsl */,
				0D83BE8F1D96407600256F63 /* MeshVertexShader.glsl */,
				0D83BE901D96407600256F63 /* SimpleFragmentShader.glsl */,
				0D83BE911D96407600256F63 /* SimpleVertexShader.glsl */,
			);
			path = Shaders;
			sourceTree = "<group>";
		};
		0DD20F441D581262006DDDAB = {
			isa = PBXGroup;
			children = (
				0D77CBCB1DB6080B000DC571 /* Assets.xcassets */,
				C21E40731DB8472500EB6A4F /* Classes */,
				C28195691DB1AC8A00B23E52 /* Core */,
				0D37EA171D7381DA009DF16A /* Assets (Loose) */,
				0DD20F4F1D581263006DDDAB /* Bounce */,
				0DD20F641D581263006DDDAB /* BounceTests */,
				0DD20F6F1D581263006DDDAB /* BounceUITests */,
				0DD20F4E1D581262006DDDAB /* Products */,
				0D665E6F1D58239800558EA0 /* Shaders */,
			);
			sourceTree = "<group>";
		};
		0DD20F4E1D581262006DDDAB /* Products */ = {
			isa = PBXGroup;
			children = (
				0DD20F4D1D581262006DDDAB /* Bounce.app */,
				0DD20F611D581263006DDDAB /* BounceTests.xctest */,
				0DD20F6C1D581263006DDDAB /* BounceUITests.xctest */,
			);
			name = Products;
			sourceTree = "<group>";
		};
		0DD20F4F1D581263006DDDAB /* Bounce */ = {
			isa = PBXGroup;
			children = (
				0DD20F541D581263006DDDAB /* Main.storyboard */,
				0DD20F591D581263006DDDAB /* LaunchScreen.storyboard */,
				0DD20F5C1D581263006DDDAB /* Info.plist */,
			);
			path = Bounce;
			sourceTree = "<group>";
		};
		0DD20F641D581263006DDDAB /* BounceTests */ = {
			isa = PBXGroup;
			children = (
				0DD20F651D581263006DDDAB /* BounceTests.swift */,
				0DD20F671D581263006DDDAB /* Info.plist */,
				0D665E6B1D581F9B00558EA0 /* BounceViewControllerTests.swift */,
				C2333C681D5ABB1F00779FB6 /* HomeMenuViewControllerTests.swift */,
			);
			path = BounceTests;
			sourceTree = "<group>";
		};
		0DD20F6F1D581263006DDDAB /* BounceUITests */ = {
			isa = PBXGroup;
			children = (
				0DD20F701D581263006DDDAB /* BounceUITests.swift */,
				0DD20F721D581263006DDDAB /* Info.plist */,
			);
			path = BounceUITests;
			sourceTree = "<group>";
		};
		C21E40731DB8472500EB6A4F /* Classes */ = {
			isa = PBXGroup;
			children = (
				C21E40741DB8472500EB6A4F /* [Bounce] */,
				C21E407C1DB8472500EB6A4F /* [Interface] */,
				C21E40941DB8472500EB6A4F /* AppDelegate.swift */,
				C21E40951DB8472500EB6A4F /* ApplicationController.swift */,
				C21E40961DB8472500EB6A4F /* Config.swift */,
				C21E40981DB8472500EB6A4F /* HomeMenuViewController.swift */,
				C21E40991DB8472500EB6A4F /* ImageImportViewController.swift */,
				C21E409A1DB8472500EB6A4F /* Reader.swift */,
				C21E409B1DB8472500EB6A4F /* RootViewController.swift */,
				C21E409C1DB8472500EB6A4F /* ToolActions.swift */,
				C21E409D1DB8472500EB6A4F /* Uploader.swift */,
				C2D6F6F41DBEADC8001AD0E0 /* HistoryState.swift */,
				C2D6F6F61DBEADDB001AD0E0 /* HistoryStateAddBlob.swift */,
				C2D6F6F81DBEADED001AD0E0 /* HistoryStateDeleteBlob.swift */,
				C24AA0571DC0000F00B751B9 /* HistoryStateChangeShape.swift */,
				C24AA0591DC0002C00B751B9 /* HistoryStateChangeAffine.swift */,
			);
			path = Classes;
			sourceTree = "<group>";
		};
		C21E40741DB8472500EB6A4F /* [Bounce] */ = {
			isa = PBXGroup;
			children = (
				C21E40751DB8472500EB6A4F /* Blob.swift */,
				C21E40761DB8472500EB6A4F /* BlobMeshBuffer.swift */,
				C21E40771DB8472500EB6A4F /* BlobMeshNode.swift */,
				C21E40781DB8472500EB6A4F /* BounceEngine.swift */,
				C21E40791DB8472500EB6A4F /* BounceScene.swift */,
				C21E407A1DB8472500EB6A4F /* BounceViewController.swift */,
				C21E407B1DB8472500EB6A4F /* IndexTriangleList.swift */,
			);
			path = "[Bounce]";
			sourceTree = "<group>";
		};
		C21E407C1DB8472500EB6A4F /* [Interface] */ = {
			isa = PBXGroup;
			children = (
				C21E407D1DB8472500EB6A4F /* [Bottom] */,
				C21E40881DB8472500EB6A4F /* [Top] */,
				C21E408A1DB8472500EB6A4F /* HMButton.swift */,
				C21E408B1DB8472500EB6A4F /* RRButton.swift */,
				C21E408C1DB8472500EB6A4F /* Style.swift */,
				C21E408D1DB8472500EB6A4F /* TBButton.swift */,
				C21E408E1DB8472500EB6A4F /* TBCheckBox.swift */,
				C21E408F1DB8472500EB6A4F /* TBSegment.swift */,
				C21E40901DB8472500EB6A4F /* TBSegmentButton.swift */,
				C21E40911DB8472500EB6A4F /* ToolRow.swift */,
				C21E40921DB8472500EB6A4F /* ToolRowContainer.swift */,
				C21E40931DB8472500EB6A4F /* ToolView.swift */,
				C21E40C41DB8550400EB6A4F /* ButtonGroup.swift */,
			);
			path = "[Interface]";
			sourceTree = "<group>";
		};
		C21E407D1DB8472500EB6A4F /* [Bottom] */ = {
			isa = PBXGroup;
			children = (
				C21E407E1DB8472500EB6A4F /* BottomMenu.swift */,
				C21E407F1DB8472500EB6A4F /* ToolBarBottom.swift */,
				C21E40801DB8472500EB6A4F /* ToolContainerBottomAccessory.swift */,
				C21E40811DB8472500EB6A4F /* ToolContainerBottomMain.swift */,
				C21E40821DB8472500EB6A4F /* ToolRowAccessoryBottomEdit.swift */,
				C21E40831DB8472500EB6A4F /* ToolRowAccessoryBottomView.swift */,
				C21E40841DB8472500EB6A4F /* ToolRowAccessoryBottomZoom.swift */,
				C21E40851DB8472500EB6A4F /* ToolRowBottomEdit.swift */,
				C21E40861DB8472500EB6A4F /* ToolRowBottomView.swift */,
				C21E40871DB8472500EB6A4F /* ToolRowBottomZoom.swift */,
			);
			path = "[Bottom]";
			sourceTree = "<group>";
		};
		C21E40881DB8472500EB6A4F /* [Top] */ = {
			isa = PBXGroup;
			children = (
				C21E40891DB8472500EB6A4F /* ToolBarTop.swift */,
				C24AA05B1DC03C6600B751B9 /* TopMenu.swift */,
				C24AA05D1DC03C7A00B751B9 /* ToolContainerTopMain.swift */,
				C24AA05F1DC03C8E00B751B9 /* ToolContainerTopAccessory.swift */,
				C24AA0611DC03D0F00B751B9 /* ToolRowTopEdit.swift */,
				C24AA0631DC03D1D00B751B9 /* ToolRowTopView.swift */,
				C24AA0651DC03D6E00B751B9 /* ToolRowAccessoryTopEdit.swift */,
				C24AA0671DC03D7D00B751B9 /* ToolRowAccessoryTopView.swift */,
			);
			path = "[Top]";
			sourceTree = "<group>";
		};
		C28195691DB1AC8A00B23E52 /* Core */ = {
			isa = PBXGroup;
			children = (
				C281956A1DB1AC8A00B23E52 /* [Graphics] */,
				C281957B1DB1AC8A00B23E52 /* [Net] */,
				C28195811DB1AC8A00B23E52 /* AppDelegateBase.swift */,
				C28195821DB1AC8A00B23E52 /* CubicSpline.swift */,
				C28195831DB1AC8A00B23E52 /* Device.swift */,
				C28195841DB1AC8A00B23E52 /* Extensions */,
				C28195881DB1AC8A00B23E52 /* FileUtils.swift */,
				C28195891DB1AC8A00B23E52 /* Math.swift */,
				C281958A1DB1AC8A00B23E52 /* RootViewControllerBase.swift */,
			);
			name = Core;
			path = ../Core;
			sourceTree = "<group>";
		};
		C281956A1DB1AC8A00B23E52 /* [Graphics] */ = {
			isa = PBXGroup;
			children = (
				C281956B1DB1AC8A00B23E52 /* DrawNode.swift */,
				C281956C1DB1AC8A00B23E52 /* DrawNodeBuffer.swift */,
				C281956D1DB1AC8A00B23E52 /* DrawTriangle.swift */,
				C281956E1DB1AC8A00B23E52 /* DrawTriangleBuffer.swift */,
				C281956F1DB1AC8A00B23E52 /* GLViewController.swift */,
				C28195701DB1AC8A00B23E52 /* Graphics.swift */,
				C28195711DB1AC8A00B23E52 /* LineSegment.swift */,
				C28195721DB1AC8A00B23E52 /* LineSegmentBuffer.swift */,
				C28195731DB1AC8A00B23E52 /* Matrix.swift */,
				C28195741DB1AC8A00B23E52 /* PointList.swift */,
				C28195751DB1AC8A00B23E52 /* ShaderProgram.swift */,
				C28195761DB1AC8A00B23E52 /* ShaderProgramMesh.swift */,
				C28195771DB1AC8A00B23E52 /* ShaderProgramSimple.swift */,
				C28195781DB1AC8A00B23E52 /* ShaderProgramSprite.swift */,
				C28195791DB1AC8A00B23E52 /* Sprite.swift */,
				C281957A1DB1AC8A00B23E52 /* Texture.swift */,
				C276E4DE1DB6F50F00568423 /* Color.swift */,
			);
			path = "[Graphics]";
			sourceTree = "<group>";
		};
		C281957B1DB1AC8A00B23E52 /* [Net] */ = {
			isa = PBXGroup;
			children = (
				C281957C1DB1AC8A00B23E52 /* ImageDownloader.swift */,
				C281957D1DB1AC8A00B23E52 /* ImageDownloaderTask.swift */,
				C281957E1DB1AC8A00B23E52 /* JSONFetcher.swift */,
				C281957F1DB1AC8A00B23E52 /* WebCommon.swift */,
				C28195801DB1AC8A00B23E52 /* WebFetcher.swift */,
			);
			path = "[Net]";
			sourceTree = "<group>";
		};
		C28195841DB1AC8A00B23E52 /* Extensions */ = {
			isa = PBXGroup;
			children = (
				C28195851DB1AC8A00B23E52 /* String+URL.swift */,
				C28195861DB1AC8A00B23E52 /* UIImage+Resize.swift */,
				C28195871DB1AC8A00B23E52 /* UIView+Extras.swift */,
				C28195F21DB1B7AD00B23E52 /* UIImagePickerController+Landscape.swift */,
				C23BEA3B1DB591EF006A449A /* CGRect+Extras.swift */,
				C23BEA3D1DB592F1006A449A /* CGSize+Extras.swift */,
			);
			path = Extensions;
			sourceTree = "<group>";
		};
/* End PBXGroup section */

/* Begin PBXNativeTarget section */
		0DD20F4C1D581262006DDDAB /* Bounce */ = {
			isa = PBXNativeTarget;
			buildConfigurationList = 0DD20F751D581263006DDDAB /* Build configuration list for PBXNativeTarget "Bounce" */;
			buildPhases = (
				0DD20F491D581262006DDDAB /* Sources */,
				0DD20F4A1D581262006DDDAB /* Frameworks */,
				0DD20F4B1D581262006DDDAB /* Resources */,
			);
			buildRules = (
			);
			dependencies = (
			);
			name = Bounce;
			productName = Bounce;
			productReference = 0DD20F4D1D581262006DDDAB /* Bounce.app */;
			productType = "com.apple.product-type.application";
		};
		0DD20F601D581263006DDDAB /* BounceTests */ = {
			isa = PBXNativeTarget;
			buildConfigurationList = 0DD20F781D581263006DDDAB /* Build configuration list for PBXNativeTarget "BounceTests" */;
			buildPhases = (
				0DD20F5D1D581263006DDDAB /* Sources */,
				0DD20F5E1D581263006DDDAB /* Frameworks */,
				0DD20F5F1D581263006DDDAB /* Resources */,
			);
			buildRules = (
			);
			dependencies = (
				0DD20F631D581263006DDDAB /* PBXTargetDependency */,
			);
			name = BounceTests;
			productName = BounceTests;
			productReference = 0DD20F611D581263006DDDAB /* BounceTests.xctest */;
			productType = "com.apple.product-type.bundle.unit-test";
		};
		0DD20F6B1D581263006DDDAB /* BounceUITests */ = {
			isa = PBXNativeTarget;
			buildConfigurationList = 0DD20F7B1D581263006DDDAB /* Build configuration list for PBXNativeTarget "BounceUITests" */;
			buildPhases = (
				0DD20F681D581263006DDDAB /* Sources */,
				0DD20F691D581263006DDDAB /* Frameworks */,
				0DD20F6A1D581263006DDDAB /* Resources */,
			);
			buildRules = (
			);
			dependencies = (
				0DD20F6E1D581263006DDDAB /* PBXTargetDependency */,
			);
			name = BounceUITests;
			productName = BounceUITests;
			productReference = 0DD20F6C1D581263006DDDAB /* BounceUITests.xctest */;
			productType = "com.apple.product-type.bundle.ui-testing";
		};
/* End PBXNativeTarget section */

/* Begin PBXProject section */
		0DD20F451D581262006DDDAB /* Project object */ = {
			isa = PBXProject;
			attributes = {
				LastSwiftUpdateCheck = 0730;
				LastUpgradeCheck = 0800;
				ORGANIZATIONNAME = "Darkswarm LLC";
				TargetAttributes = {
					0DD20F4C1D581262006DDDAB = {
						CreatedOnToolsVersion = 7.3.1;
						DevelopmentTeam = 2GG555KD5G;
						LastSwiftMigration = 0800;
					};
					0DD20F601D581263006DDDAB = {
						CreatedOnToolsVersion = 7.3.1;
						LastSwiftMigration = 0800;
						TestTargetID = 0DD20F4C1D581262006DDDAB;
					};
					0DD20F6B1D581263006DDDAB = {
						CreatedOnToolsVersion = 7.3.1;
						LastSwiftMigration = 0800;
						TestTargetID = 0DD20F4C1D581262006DDDAB;
					};
				};
			};
			buildConfigurationList = 0DD20F481D581262006DDDAB /* Build configuration list for PBXProject "Bounce" */;
			compatibilityVersion = "Xcode 3.2";
			developmentRegion = English;
			hasScannedForEncodings = 0;
			knownRegions = (
				en,
				Base,
			);
			mainGroup = 0DD20F441D581262006DDDAB;
			productRefGroup = 0DD20F4E1D581262006DDDAB /* Products */;
			projectDirPath = "";
			projectRoot = "";
			targets = (
				0DD20F4C1D581262006DDDAB /* Bounce */,
				0DD20F601D581263006DDDAB /* BounceTests */,
				0DD20F6B1D581263006DDDAB /* BounceUITests */,
			);
		};
/* End PBXProject section */

/* Begin PBXResourcesBuildPhase section */
		0DD20F4B1D581262006DDDAB /* Resources */ = {
			isa = PBXResourcesBuildPhase;
			buildActionMask = 2147483647;
			files = (
				0D37EA431D7381DA009DF16A /* checkbox_back_unchecked@2x.png in Resources */,
				0D37EA441D7381DA009DF16A /* main_seg_back_highlight@2x.png in Resources */,
				0DD20F5B1D581263006DDDAB /* LaunchScreen.storyboard in Resources */,
				0D37EA471D7381DA009DF16A /* reg_btn_copy@2x.png in Resources */,
				0D37EA571D7381DA009DF16A /* reg_btn_save_as_down@2x.png in Resources */,
				0D37EA5C1D7381DA009DF16A /* test_ipad_landscape.jpg in Resources */,
				0D37EA4E1D7381DA009DF16A /* reg_btn_load_down@2x.png in Resources */,
				0D37EA461D7381DA009DF16A /* reg_btn_clone_selected_down@2x.png in Resources */,
				0D37EA5D1D7381DA009DF16A /* test_ipad_landscape_info.json in Resources */,
				0D83BE941D96407600256F63 /* SimpleFragmentShader.glsl in Resources */,
				0D37EA411D7381DA009DF16A /* background_modal_ipad@2x.png in Resources */,
				0D37EA5B1D7381DA009DF16A /* seg_back_highlight@2x.png in Resources */,
				0D37EA611D7381DA009DF16A /* test_image.jpg in Resources */,
				0D37EA711D73E364009DF16A /* test_iphone6_portrait.png in Resources */,
				0D37EA491D7381DA009DF16A /* reg_btn_delete_all@2x.png in Resources */,
				0D37EA601D7381DA009DF16A /* test_card.jpg in Resources */,
				0D37EA481D7381DA009DF16A /* reg_btn_copy_down@2x.png in Resources */,
				0D37EA591D7381DA009DF16A /* reg_btn_select_any@2x.png in Resources */,
				0D37EA521D7381DA009DF16A /* reg_btn_reset_center_down@2x.png in Resources */,
				0D37EA5E1D7381DA009DF16A /* test_ipad_portrait.jpg in Resources */,
				0D37EA6F1D73E364009DF16A /* test_iphone6_landscape.png in Resources */,
				0D37EA501D7381DA009DF16A /* reg_btn_paste_down@2x.png in Resources */,
				0D37EA4D1D7381DA009DF16A /* reg_btn_load@2x.png in Resources */,
				0D83BE921D96407600256F63 /* MeshFragmentShader.glsl in Resources */,
				0D37EA511D7381DA009DF16A /* reg_btn_reset_center@2x.png in Resources */,
				0D37EA3F1D7381DA009DF16A /* background_generic@2x.png in Resources */,
				0D37EA3E1D7381DA009DF16A /* background_generic.png in Resources */,
				0D37EA531D7381DA009DF16A /* reg_btn_reset_zoom@2x.png in Resources */,
				0D37EA551D7381DA009DF16A /* reg_btn_save@2x.png in Resources */,
				0D37EA561D7381DA009DF16A /* reg_btn_save_as@2x.png in Resources */,
				0D37EA661D73C2EA009DF16A /* test_iphone5_landscape_info.json in Resources */,
				0D37EA701D73E364009DF16A /* test_iphone6_portrait_info.json in Resources */,
				0D37EA401D7381DA009DF16A /* background_modal_ipad.png in Resources */,
				0D37EA4C1D7381DA009DF16A /* reg_btn_deselect_down@2x.png in Resources */,
				0D37EA4F1D7381DA009DF16A /* reg_btn_paste@2x.png in Resources */,
				0D37EA541D7381DA009DF16A /* reg_btn_reset_zoom_down@2x.png in Resources */,
				0D37EA4A1D7381DA009DF16A /* reg_btn_delete_all_down@2x.png in Resources */,
				0D37EA6E1D73E364009DF16A /* test_iphone6_landscape_info.json in Resources */,
				0DD20F561D581263006DDDAB /* Main.storyboard in Resources */,
				0D37EA581D7381DA009DF16A /* reg_btn_save_down@2x.png in Resources */,
				0D77CBCC1DB6080B000DC571 /* Assets.xcassets in Resources */,
				0D37EA691D73C2EA009DF16A /* test_iphone5_portrait.png in Resources */,
				0D37EA4B1D7381DA009DF16A /* reg_btn_deselect@2x.png in Resources */,
				0D83BE931D96407600256F63 /* MeshVertexShader.glsl in Resources */,
				0D83BE951D96407600256F63 /* SimpleVertexShader.glsl in Resources */,
				0D37EA421D7381DA009DF16A /* checkbox_back_checked@2x.png in Resources */,
				0D37EA451D7381DA009DF16A /* reg_btn_clone_selected@2x.png in Resources */,
				0D37EA671D73C2EA009DF16A /* test_iphone5_landscape.png in Resources */,
				0D37EA681D73C2EA009DF16A /* test_iphone5_portrait_info.json in Resources */,
				0D37EA5F1D7381DA009DF16A /* test_ipad_portrait_info.json in Resources */,
				0D37EA5A1D7381DA009DF16A /* reg_btn_select_any_down@2x.png in Resources */,
			);
			runOnlyForDeploymentPostprocessing = 0;
		};
		0DD20F5F1D581263006DDDAB /* Resources */ = {
			isa = PBXResourcesBuildPhase;
			buildActionMask = 2147483647;
			files = (
			);
			runOnlyForDeploymentPostprocessing = 0;
		};
		0DD20F6A1D581263006DDDAB /* Resources */ = {
			isa = PBXResourcesBuildPhase;
			buildActionMask = 2147483647;
			files = (
			);
			runOnlyForDeploymentPostprocessing = 0;
		};
/* End PBXResourcesBuildPhase section */

/* Begin PBXSourcesBuildPhase section */
		0DD20F491D581262006DDDAB /* Sources */ = {
			isa = PBXSourcesBuildPhase;
			buildActionMask = 2147483647;
			files = (
				C21E40A41DB8472500EB6A4F /* IndexTriangleList.swift in Sources */,
				C2D6F6F91DBEADED001AD0E0 /* HistoryStateDeleteBlob.swift in Sources */,
				C28195911DB1AC8A00B23E52 /* LineSegment.swift in Sources */,
				C28195901DB1AC8A00B23E52 /* Graphics.swift in Sources */,
				C21E40B31DB8472500EB6A4F /* TBButton.swift in Sources */,
				C21E40AC1DB8472500EB6A4F /* ToolRowBottomEdit.swift in Sources */,
				C21E409E1DB8472500EB6A4F /* Blob.swift in Sources */,
				C21E40B11DB8472500EB6A4F /* RRButton.swift in Sources */,
				C21E40AF1DB8472500EB6A4F /* ToolBarTop.swift in Sources */,
				C276E4DF1DB6F50F00568423 /* Color.swift in Sources */,
				C24AA0581DC0000F00B751B9 /* HistoryStateChangeShape.swift in Sources */,
				C24AA05A1DC0002C00B751B9 /* HistoryStateChangeAffine.swift in Sources */,
				C21E40AE1DB8472500EB6A4F /* ToolRowBottomZoom.swift in Sources */,
				C21E40C11DB8472500EB6A4F /* RootViewController.swift in Sources */,
				C28195A51DB1AC8A00B23E52 /* UIView+Extras.swift in Sources */,
				C21E409F1DB8472500EB6A4F /* BlobMeshBuffer.swift in Sources */,
				C28195961DB1AC8A00B23E52 /* ShaderProgramMesh.swift in Sources */,
				C28195931DB1AC8A00B23E52 /* Matrix.swift in Sources */,
				C21E40BB1DB8472500EB6A4F /* ApplicationController.swift in Sources */,
				C21E40BF1DB8472500EB6A4F /* ImageImportViewController.swift in Sources */,
				C24AA0681DC03D7D00B751B9 /* ToolRowAccessoryTopView.swift in Sources */,
				C28195971DB1AC8A00B23E52 /* ShaderProgramSimple.swift in Sources */,
				C24AA0641DC03D1D00B751B9 /* ToolRowTopView.swift in Sources */,
				C28195A41DB1AC8A00B23E52 /* UIImage+Resize.swift in Sources */,
				C28195A31DB1AC8A00B23E52 /* String+URL.swift in Sources */,
				C281959E1DB1AC8A00B23E52 /* WebCommon.swift in Sources */,
				C21E40C31DB8472500EB6A4F /* Uploader.swift in Sources */,
				C21E40AD1DB8472500EB6A4F /* ToolRowBottomView.swift in Sources */,
				C21E40A81DB8472500EB6A4F /* ToolContainerBottomMain.swift in Sources */,
				C24AA0661DC03D6E00B751B9 /* ToolRowAccessoryTopEdit.swift in Sources */,
				C28195951DB1AC8A00B23E52 /* ShaderProgram.swift in Sources */,
				C23BEA3E1DB592F1006A449A /* CGSize+Extras.swift in Sources */,
				C281959F1DB1AC8A00B23E52 /* WebFetcher.swift in Sources */,
				C21E40B81DB8472500EB6A4F /* ToolRowContainer.swift in Sources */,
				C281958B1DB1AC8A00B23E52 /* DrawNode.swift in Sources */,
				C21E40BE1DB8472500EB6A4F /* HomeMenuViewController.swift in Sources */,
				C21E40A31DB8472500EB6A4F /* BounceViewController.swift in Sources */,
				C281958E1DB1AC8A00B23E52 /* DrawTriangleBuffer.swift in Sources */,
				C281958C1DB1AC8A00B23E52 /* DrawNodeBuffer.swift in Sources */,
				C21E40B61DB8472500EB6A4F /* TBSegmentButton.swift in Sources */,
				C21E40A21DB8472500EB6A4F /* BounceScene.swift in Sources */,
				C21E40B91DB8472500EB6A4F /* ToolView.swift in Sources */,
				C21E40BC1DB8472500EB6A4F /* Config.swift in Sources */,
				C24AA05C1DC03C6600B751B9 /* TopMenu.swift in Sources */,
				C28195A71DB1AC8A00B23E52 /* Math.swift in Sources */,
				C24AA0601DC03C8E00B751B9 /* ToolContainerTopAccessory.swift in Sources */,
				C21E40B01DB8472500EB6A4F /* HMButton.swift in Sources */,
				C23BEA3C1DB591EF006A449A /* CGRect+Extras.swift in Sources */,
				C28195A81DB1AC8A00B23E52 /* RootViewControllerBase.swift in Sources */,
				C28195A11DB1AC8A00B23E52 /* CubicSpline.swift in Sources */,
				C24AA0621DC03D0F00B751B9 /* ToolRowTopEdit.swift in Sources */,
				C21E40B51DB8472500EB6A4F /* TBSegment.swift in Sources */,
				C281959A1DB1AC8A00B23E52 /* Texture.swift in Sources */,
				C281959B1DB1AC8A00B23E52 /* ImageDownloader.swift in Sources */,
				C21E40BA1DB8472500EB6A4F /* AppDelegate.swift in Sources */,
				C21E40A71DB8472500EB6A4F /* ToolContainerBottomAccessory.swift in Sources */,
				C281958F1DB1AC8A00B23E52 /* GLViewController.swift in Sources */,
				C21E40AB1DB8472500EB6A4F /* ToolRowAccessoryBottomZoom.swift in Sources */,
				C2D6F6F71DBEADDB001AD0E0 /* HistoryStateAddBlob.swift in Sources */,
				C28195A21DB1AC8A00B23E52 /* Device.swift in Sources */,
				C21E40C01DB8472500EB6A4F /* Reader.swift in Sources */,
				C28195A61DB1AC8A00B23E52 /* FileUtils.swift in Sources */,
				C21E40B71DB8472500EB6A4F /* ToolRow.swift in Sources */,
				C28195991DB1AC8A00B23E52 /* Sprite.swift in Sources */,
				C28195A01DB1AC8A00B23E52 /* AppDelegateBase.swift in Sources */,
				C281959C1DB1AC8A00B23E52 /* ImageDownloaderTask.swift in Sources */,
				C21E40C51DB8550400EB6A4F /* ButtonGroup.swift in Sources */,
				C21E40A51DB8472500EB6A4F /* BottomMenu.swift in Sources */,
				C21E40A01DB8472500EB6A4F /* BlobMeshNode.swift in Sources */,
				C281959D1DB1AC8A00B23E52 /* JSONFetcher.swift in Sources */,
				C21E40A91DB8472500EB6A4F /* ToolRowAccessoryBottomEdit.swift in Sources */,
				C28195981DB1AC8A00B23E52 /* ShaderProgramSprite.swift in Sources */,
				C21E40AA1DB8472500EB6A4F /* ToolRowAccessoryBottomView.swift in Sources */,
				C21E40A61DB8472500EB6A4F /* ToolBarBottom.swift in Sources */,
				C24AA05E1DC03C7A00B751B9 /* ToolContainerTopMain.swift in Sources */,
				C281958D1DB1AC8A00B23E52 /* DrawTriangle.swift in Sources */,
				C28195F31DB1B7AD00B23E52 /* UIImagePickerController+Landscape.swift in Sources */,
				C21E40A11DB8472500EB6A4F /* BounceEngine.swift in Sources */,
				C28195941DB1AC8A00B23E52 /* PointList.swift in Sources */,
				C21E40B41DB8472500EB6A4F /* TBCheckBox.swift in Sources */,
				C2D6F6F51DBEADC8001AD0E0 /* HistoryState.swift in Sources */,
				C21E40C21DB8472500EB6A4F /* ToolActions.swift in Sources */,
				C28195921DB1AC8A00B23E52 /* LineSegmentBuffer.swift in Sources */,
				C21E40B21DB8472500EB6A4F /* Style.swift in Sources */,
			);
			runOnlyForDeploymentPostprocessing = 0;
		};
		0DD20F5D1D581263006DDDAB /* Sources */ = {
			isa = PBXSourcesBuildPhase;
			buildActionMask = 2147483647;
			files = (
				0D665E6C1D581F9B00558EA0 /* BounceViewControllerTests.swift in Sources */,
				0DD20F661D581263006DDDAB /* BounceTests.swift in Sources */,
				C2333C691D5ABB1F00779FB6 /* HomeMenuViewControllerTests.swift in Sources */,
			);
			runOnlyForDeploymentPostprocessing = 0;
		};
		0DD20F681D581263006DDDAB /* Sources */ = {
			isa = PBXSourcesBuildPhase;
			buildActionMask = 2147483647;
			files = (
				0DD20F711D581263006DDDAB /* BounceUITests.swift in Sources */,
			);
			runOnlyForDeploymentPostprocessing = 0;
		};
/* End PBXSourcesBuildPhase section */

/* Begin PBXTargetDependency section */
		0DD20F631D581263006DDDAB /* PBXTargetDependency */ = {
			isa = PBXTargetDependency;
			target = 0DD20F4C1D581262006DDDAB /* Bounce */;
			targetProxy = 0DD20F621D581263006DDDAB /* PBXContainerItemProxy */;
		};
		0DD20F6E1D581263006DDDAB /* PBXTargetDependency */ = {
			isa = PBXTargetDependency;
			target = 0DD20F4C1D581262006DDDAB /* Bounce */;
			targetProxy = 0DD20F6D1D581263006DDDAB /* PBXContainerItemProxy */;
		};
/* End PBXTargetDependency section */

/* Begin PBXVariantGroup section */
		0DD20F541D581263006DDDAB /* Main.storyboard */ = {
			isa = PBXVariantGroup;
			children = (
				0DD20F551D581263006DDDAB /* Base */,
			);
			name = Main.storyboard;
			sourceTree = "<group>";
		};
		0DD20F591D581263006DDDAB /* LaunchScreen.storyboard */ = {
			isa = PBXVariantGroup;
			children = (
				0DD20F5A1D581263006DDDAB /* Base */,
			);
			name = LaunchScreen.storyboard;
			sourceTree = "<group>";
		};
/* End PBXVariantGroup section */

/* Begin XCBuildConfiguration section */
		0DD20F731D581263006DDDAB /* Debug */ = {
			isa = XCBuildConfiguration;
			buildSettings = {
				ALWAYS_EMBED_SWIFT_STANDARD_LIBRARIES = YES;
				ALWAYS_SEARCH_USER_PATHS = NO;
				CLANG_ANALYZER_NONNULL = YES;
				CLANG_CXX_LANGUAGE_STANDARD = "gnu++0x";
				CLANG_CXX_LIBRARY = "libc++";
				CLANG_ENABLE_MODULES = YES;
				CLANG_ENABLE_OBJC_ARC = YES;
				CLANG_WARN_BOOL_CONVERSION = YES;
				CLANG_WARN_CONSTANT_CONVERSION = YES;
				CLANG_WARN_DIRECT_OBJC_ISA_USAGE = YES_ERROR;
				CLANG_WARN_EMPTY_BODY = YES;
				CLANG_WARN_ENUM_CONVERSION = YES;
				CLANG_WARN_INFINITE_RECURSION = YES;
				CLANG_WARN_INT_CONVERSION = YES;
				CLANG_WARN_OBJC_ROOT_CLASS = YES_ERROR;
				CLANG_WARN_SUSPICIOUS_MOVE = YES;
				CLANG_WARN_UNREACHABLE_CODE = YES;
				CLANG_WARN__DUPLICATE_METHOD_MATCH = YES;
				CODE_SIGN_IDENTITY = "iPhone Developer";
				"CODE_SIGN_IDENTITY[sdk=iphoneos*]" = "iPhone Developer";
				COPY_PHASE_STRIP = NO;
				DEBUG_INFORMATION_FORMAT = dwarf;
				ENABLE_STRICT_OBJC_MSGSEND = YES;
				ENABLE_TESTABILITY = YES;
				GCC_C_LANGUAGE_STANDARD = gnu99;
				GCC_DYNAMIC_NO_PIC = NO;
				GCC_NO_COMMON_BLOCKS = YES;
				GCC_OPTIMIZATION_LEVEL = 0;
				GCC_PREPROCESSOR_DEFINITIONS = (
					"DEBUG=1",
					"$(inherited)",
				);
				GCC_WARN_64_TO_32_BIT_CONVERSION = YES;
				GCC_WARN_ABOUT_RETURN_TYPE = YES_ERROR;
				GCC_WARN_UNDECLARED_SELECTOR = YES;
				GCC_WARN_UNINITIALIZED_AUTOS = YES_AGGRESSIVE;
				GCC_WARN_UNUSED_FUNCTION = YES;
				GCC_WARN_UNUSED_VARIABLE = YES;
				IPHONEOS_DEPLOYMENT_TARGET = 9.0;
				MTL_ENABLE_DEBUG_INFO = YES;
				ONLY_ACTIVE_ARCH = YES;
				PROVISIONING_PROFILE = "";
				SDKROOT = iphoneos;
				SWIFT_OPTIMIZATION_LEVEL = "-Onone";
				TARGETED_DEVICE_FAMILY = "1,2";
			};
			name = Debug;
		};
		0DD20F741D581263006DDDAB /* Release */ = {
			isa = XCBuildConfiguration;
			buildSettings = {
				ALWAYS_EMBED_SWIFT_STANDARD_LIBRARIES = YES;
				ALWAYS_SEARCH_USER_PATHS = NO;
				CLANG_ANALYZER_NONNULL = YES;
				CLANG_CXX_LANGUAGE_STANDARD = "gnu++0x";
				CLANG_CXX_LIBRARY = "libc++";
				CLANG_ENABLE_MODULES = YES;
				CLANG_ENABLE_OBJC_ARC = YES;
				CLANG_WARN_BOOL_CONVERSION = YES;
				CLANG_WARN_CONSTANT_CONVERSION = YES;
				CLANG_WARN_DIRECT_OBJC_ISA_USAGE = YES_ERROR;
				CLANG_WARN_EMPTY_BODY = YES;
				CLANG_WARN_ENUM_CONVERSION = YES;
				CLANG_WARN_INFINITE_RECURSION = YES;
				CLANG_WARN_INT_CONVERSION = YES;
				CLANG_WARN_OBJC_ROOT_CLASS = YES_ERROR;
				CLANG_WARN_SUSPICIOUS_MOVE = YES;
				CLANG_WARN_UNREACHABLE_CODE = YES;
				CLANG_WARN__DUPLICATE_METHOD_MATCH = YES;
				CODE_SIGN_IDENTITY = "iPhone Developer";
				"CODE_SIGN_IDENTITY[sdk=iphoneos*]" = "iPhone Developer";
				COPY_PHASE_STRIP = NO;
				DEBUG_INFORMATION_FORMAT = "dwarf-with-dsym";
				ENABLE_NS_ASSERTIONS = NO;
				ENABLE_STRICT_OBJC_MSGSEND = YES;
				GCC_C_LANGUAGE_STANDARD = gnu99;
				GCC_NO_COMMON_BLOCKS = YES;
				GCC_WARN_64_TO_32_BIT_CONVERSION = YES;
				GCC_WARN_ABOUT_RETURN_TYPE = YES_ERROR;
				GCC_WARN_UNDECLARED_SELECTOR = YES;
				GCC_WARN_UNINITIALIZED_AUTOS = YES_AGGRESSIVE;
				GCC_WARN_UNUSED_FUNCTION = YES;
				GCC_WARN_UNUSED_VARIABLE = YES;
				IPHONEOS_DEPLOYMENT_TARGET = 9.0;
				MTL_ENABLE_DEBUG_INFO = NO;
				PROVISIONING_PROFILE = "";
				SDKROOT = iphoneos;
				SWIFT_OPTIMIZATION_LEVEL = "-Owholemodule";
				TARGETED_DEVICE_FAMILY = "1,2";
				VALIDATE_PRODUCT = YES;
			};
			name = Release;
		};
		0DD20F761D581263006DDDAB /* Debug */ = {
			isa = XCBuildConfiguration;
			buildSettings = {
				ASSETCATALOG_COMPILER_APPICON_NAME = AppIcon;
				CLANG_MODULES_AUTOLINK = NO;
				CODE_SIGN_IDENTITY = "iPhone Developer";
				"CODE_SIGN_IDENTITY[sdk=iphoneos*]" = "iPhone Developer";
				DEVELOPMENT_TEAM = 2GG555KD5G;
				INFOPLIST_FILE = Bounce/Info.plist;
				IPHONEOS_DEPLOYMENT_TARGET = 9.0;
				LD_RUNPATH_SEARCH_PATHS = "$(inherited) @executable_path/Frameworks";
				PRODUCT_BUNDLE_IDENTIFIER = com.dtv.random;
				PRODUCT_NAME = "$(TARGET_NAME)";
				PROVISIONING_PROFILE = "";
				SWIFT_VERSION = 3.0;
			};
			name = Debug;
		};
		0DD20F771D581263006DDDAB /* Release */ = {
			isa = XCBuildConfiguration;
			buildSettings = {
				ASSETCATALOG_COMPILER_APPICON_NAME = AppIcon;
				CLANG_MODULES_AUTOLINK = NO;
				CODE_SIGN_IDENTITY = "iPhone Developer";
				"CODE_SIGN_IDENTITY[sdk=iphoneos*]" = "iPhone Developer";
				DEVELOPMENT_TEAM = 2GG555KD5G;
				INFOPLIST_FILE = Bounce/Info.plist;
				IPHONEOS_DEPLOYMENT_TARGET = 9.0;
				LD_RUNPATH_SEARCH_PATHS = "$(inherited) @executable_path/Frameworks";
				PRODUCT_BUNDLE_IDENTIFIER = com.dtv.random;
				PRODUCT_NAME = "$(TARGET_NAME)";
				PROVISIONING_PROFILE = "";
				SWIFT_VERSION = 3.0;
			};
			name = Release;
		};
		0DD20F791D581263006DDDAB /* Debug */ = {
			isa = XCBuildConfiguration;
			buildSettings = {
				ALWAYS_EMBED_SWIFT_STANDARD_LIBRARIES = YES;
				BUNDLE_LOADER = "$(TEST_HOST)";
				INFOPLIST_FILE = BounceTests/Info.plist;
				LD_RUNPATH_SEARCH_PATHS = "$(inherited) @executable_path/Frameworks @loader_path/Frameworks";
				PRODUCT_BUNDLE_IDENTIFIER = com.darkswarm.BounceTests;
				PRODUCT_NAME = "$(TARGET_NAME)";
				SWIFT_VERSION = 3.0;
				TEST_HOST = "$(BUILT_PRODUCTS_DIR)/Bounce.app/Bounce";
			};
			name = Debug;
		};
		0DD20F7A1D581263006DDDAB /* Release */ = {
			isa = XCBuildConfiguration;
			buildSettings = {
				ALWAYS_EMBED_SWIFT_STANDARD_LIBRARIES = YES;
				BUNDLE_LOADER = "$(TEST_HOST)";
				INFOPLIST_FILE = BounceTests/Info.plist;
				LD_RUNPATH_SEARCH_PATHS = "$(inherited) @executable_path/Frameworks @loader_path/Frameworks";
				PRODUCT_BUNDLE_IDENTIFIER = com.darkswarm.BounceTests;
				PRODUCT_NAME = "$(TARGET_NAME)";
				SWIFT_VERSION = 3.0;
				TEST_HOST = "$(BUILT_PRODUCTS_DIR)/Bounce.app/Bounce";
			};
			name = Release;
		};
		0DD20F7C1D581263006DDDAB /* Debug */ = {
			isa = XCBuildConfiguration;
			buildSettings = {
				ALWAYS_EMBED_SWIFT_STANDARD_LIBRARIES = YES;
				INFOPLIST_FILE = BounceUITests/Info.plist;
				LD_RUNPATH_SEARCH_PATHS = "$(inherited) @executable_path/Frameworks @loader_path/Frameworks";
				PRODUCT_BUNDLE_IDENTIFIER = com.darkswarm.BounceUITests;
				PRODUCT_NAME = "$(TARGET_NAME)";
				SWIFT_VERSION = 3.0;
				TEST_TARGET_NAME = Bounce;
			};
			name = Debug;
		};
		0DD20F7D1D581263006DDDAB /* Release */ = {
			isa = XCBuildConfiguration;
			buildSettings = {
				ALWAYS_EMBED_SWIFT_STANDARD_LIBRARIES = YES;
				INFOPLIST_FILE = BounceUITests/Info.plist;
				LD_RUNPATH_SEARCH_PATHS = "$(inherited) @executable_path/Frameworks @loader_path/Frameworks";
				PRODUCT_BUNDLE_IDENTIFIER = com.darkswarm.BounceUITests;
				PRODUCT_NAME = "$(TARGET_NAME)";
				SWIFT_VERSION = 3.0;
				TEST_TARGET_NAME = Bounce;
			};
			name = Release;
		};
/* End XCBuildConfiguration section */

/* Begin XCConfigurationList section */
		0DD20F481D581262006DDDAB /* Build configuration list for PBXProject "Bounce" */ = {
			isa = XCConfigurationList;
			buildConfigurations = (
				0DD20F731D581263006DDDAB /* Debug */,
				0DD20F741D581263006DDDAB /* Release */,
			);
			defaultConfigurationIsVisible = 0;
			defaultConfigurationName = Release;
		};
		0DD20F751D581263006DDDAB /* Build configuration list for PBXNativeTarget "Bounce" */ = {
			isa = XCConfigurationList;
			buildConfigurations = (
				0DD20F761D581263006DDDAB /* Debug */,
				0DD20F771D581263006DDDAB /* Release */,
			);
			defaultConfigurationIsVisible = 0;
			defaultConfigurationName = Release;
		};
		0DD20F781D581263006DDDAB /* Build configuration list for PBXNativeTarget "BounceTests" */ = {
			isa = XCConfigurationList;
			buildConfigurations = (
				0DD20F791D581263006DDDAB /* Debug */,
				0DD20F7A1D581263006DDDAB /* Release */,
			);
			defaultConfigurationIsVisible = 0;
			defaultConfigurationName = Release;
		};
		0DD20F7B1D581263006DDDAB /* Build configuration list for PBXNativeTarget "BounceUITests" */ = {
			isa = XCConfigurationList;
			buildConfigurations = (
				0DD20F7C1D581263006DDDAB /* Debug */,
				0DD20F7D1D581263006DDDAB /* Release */,
			);
			defaultConfigurationIsVisible = 0;
			defaultConfigurationName = Release;
		};
/* End XCConfigurationList section */
	};
	rootObject = 0DD20F451D581262006DDDAB /* Project object */;
}
